// !$*UTF8*$!
{
	archiveVersion = 1;
	classes = {
	};
	objectVersion = 56;
	objects = {

/* Begin PBXBuildFile section */
		5EA4FDB62CCBCABD001CA401 /* SharedErrorHandler.swift in Sources */ = {isa = PBXBuildFile; fileRef = 5EA4FDB52CCBCABD001CA401 /* SharedErrorHandler.swift */; };
		5EC949D02CB526E5003736A9 /* TemplateSwiftUIProjectApp.swift in Sources */ = {isa = PBXBuildFile; fileRef = 5EC949CF2CB526E5003736A9 /* TemplateSwiftUIProjectApp.swift */; };
		5EC949D22CB526E5003736A9 /* ContentView.swift in Sources */ = {isa = PBXBuildFile; fileRef = 5EC949D12CB526E5003736A9 /* ContentView.swift */; };
		5EC949D42CB526E9003736A9 /* Assets.xcassets in Resources */ = {isa = PBXBuildFile; fileRef = 5EC949D32CB526E9003736A9 /* Assets.xcassets */; };
		5EC949D72CB526E9003736A9 /* Preview Assets.xcassets in Resources */ = {isa = PBXBuildFile; fileRef = 5EC949D62CB526E9003736A9 /* Preview Assets.xcassets */; };
		5EC949E02CBA88F2003736A9 /* OnboardingPage.swift in Sources */ = {isa = PBXBuildFile; fileRef = 5EC949DF2CBA88F2003736A9 /* OnboardingPage.swift */; };
		5EC949E32CBA89FC003736A9 /* OnboardingService .swift in Sources */ = {isa = PBXBuildFile; fileRef = 5EC949E22CBA89FC003736A9 /* OnboardingService .swift */; };
		5EC949E52CBA8FC5003736A9 /* OnboardingViewModel.swift in Sources */ = {isa = PBXBuildFile; fileRef = 5EC949E42CBA8FC5003736A9 /* OnboardingViewModel.swift */; };
		5EC949E82CBA9339003736A9 /* OnboardingPageView.swift in Sources */ = {isa = PBXBuildFile; fileRef = 5EC949E72CBA9339003736A9 /* OnboardingPageView.swift */; };
		5EC949EA2CBA954F003736A9 /* OnboardingView.swift in Sources */ = {isa = PBXBuildFile; fileRef = 5EC949E92CBA954F003736A9 /* OnboardingView.swift */; };
		5EC949EC2CBBE280003736A9 /* GoogleService-Info.plist in Resources */ = {isa = PBXBuildFile; fileRef = 5EC949EB2CBBE280003736A9 /* GoogleService-Info.plist */; };
		5EC949EF2CBBE556003736A9 /* FirebaseAuth in Frameworks */ = {isa = PBXBuildFile; productRef = 5EC949EE2CBBE556003736A9 /* FirebaseAuth */; };
		5EC949F12CBBE556003736A9 /* FirebaseFirestore in Frameworks */ = {isa = PBXBuildFile; productRef = 5EC949F02CBBE556003736A9 /* FirebaseFirestore */; };
		5EC949F32CBBE556003736A9 /* FirebaseStorage in Frameworks */ = {isa = PBXBuildFile; productRef = 5EC949F22CBBE556003736A9 /* FirebaseStorage */; };
		5EC949F52CBBF5F8003736A9 /* AppDelegate.swift in Sources */ = {isa = PBXBuildFile; fileRef = 5EC949F42CBBF5F7003736A9 /* AppDelegate.swift */; };
		5EC94A002CC291DB003736A9 /* ProfileView.swift in Sources */ = {isa = PBXBuildFile; fileRef = 5EC949FF2CC291DB003736A9 /* ProfileView.swift */; };
		5EC94A022CC2954C003736A9 /* GalleryView.swift in Sources */ = {isa = PBXBuildFile; fileRef = 5EC94A012CC2954C003736A9 /* GalleryView.swift */; };
		5EC94A042CC29607003736A9 /* HomeView.swift in Sources */ = {isa = PBXBuildFile; fileRef = 5EC94A032CC29607003736A9 /* HomeView.swift */; };
		5EC94A062CC29771003736A9 /* AuthenticationService.swift in Sources */ = {isa = PBXBuildFile; fileRef = 5EC94A052CC29770003736A9 /* AuthenticationService.swift */; };
		5EC94A092CC3C762003736A9 /* ValidationFB.swift in Sources */ = {isa = PBXBuildFile; fileRef = 5EC94A082CC3C762003736A9 /* ValidationFB.swift */; };
		5EC94A0D2CC3CA4E003736A9 /* CustomErrorsFB.swift in Sources */ = {isa = PBXBuildFile; fileRef = 5EC94A0C2CC3CA4E003736A9 /* CustomErrorsFB.swift */; };
		5EC94A102CC3CCA2003736A9 /* FirestoreCollectionObserverService.swift in Sources */ = {isa = PBXBuildFile; fileRef = 5EC94A0F2CC3CCA2003736A9 /* FirestoreCollectionObserverService.swift */; };
		5EC94A122CC59585003736A9 /* HomeViewModel.swift in Sources */ = {isa = PBXBuildFile; fileRef = 5EC94A112CC59585003736A9 /* HomeViewModel.swift */; };
		5EC94A152CC66DCF003736A9 /* HomeViewModelWrapper.swift in Sources */ = {isa = PBXBuildFile; fileRef = 5EC94A142CC66DCE003736A9 /* HomeViewModelWrapper.swift */; };
/* End PBXBuildFile section */

/* Begin PBXFileReference section */
		5EA4FDB52CCBCABD001CA401 /* SharedErrorHandler.swift */ = {isa = PBXFileReference; lastKnownFileType = sourcecode.swift; path = SharedErrorHandler.swift; sourceTree = "<group>"; };
		5EC949CC2CB526E5003736A9 /* TemplateSwiftUIProject.app */ = {isa = PBXFileReference; explicitFileType = wrapper.application; includeInIndex = 0; path = TemplateSwiftUIProject.app; sourceTree = BUILT_PRODUCTS_DIR; };
		5EC949CF2CB526E5003736A9 /* TemplateSwiftUIProjectApp.swift */ = {isa = PBXFileReference; lastKnownFileType = sourcecode.swift; path = TemplateSwiftUIProjectApp.swift; sourceTree = "<group>"; };
		5EC949D12CB526E5003736A9 /* ContentView.swift */ = {isa = PBXFileReference; lastKnownFileType = sourcecode.swift; path = ContentView.swift; sourceTree = "<group>"; };
		5EC949D32CB526E9003736A9 /* Assets.xcassets */ = {isa = PBXFileReference; lastKnownFileType = folder.assetcatalog; path = Assets.xcassets; sourceTree = "<group>"; };
		5EC949D62CB526E9003736A9 /* Preview Assets.xcassets */ = {isa = PBXFileReference; lastKnownFileType = folder.assetcatalog; path = "Preview Assets.xcassets"; sourceTree = "<group>"; };
		5EC949DF2CBA88F2003736A9 /* OnboardingPage.swift */ = {isa = PBXFileReference; lastKnownFileType = sourcecode.swift; path = OnboardingPage.swift; sourceTree = "<group>"; };
		5EC949E22CBA89FC003736A9 /* OnboardingService .swift */ = {isa = PBXFileReference; lastKnownFileType = sourcecode.swift; path = "OnboardingService .swift"; sourceTree = "<group>"; };
		5EC949E42CBA8FC5003736A9 /* OnboardingViewModel.swift */ = {isa = PBXFileReference; lastKnownFileType = sourcecode.swift; path = OnboardingViewModel.swift; sourceTree = "<group>"; };
		5EC949E72CBA9339003736A9 /* OnboardingPageView.swift */ = {isa = PBXFileReference; lastKnownFileType = sourcecode.swift; path = OnboardingPageView.swift; sourceTree = "<group>"; };
		5EC949E92CBA954F003736A9 /* OnboardingView.swift */ = {isa = PBXFileReference; lastKnownFileType = sourcecode.swift; path = OnboardingView.swift; sourceTree = "<group>"; };
		5EC949EB2CBBE280003736A9 /* GoogleService-Info.plist */ = {isa = PBXFileReference; fileEncoding = 4; lastKnownFileType = text.plist.xml; path = "GoogleService-Info.plist"; sourceTree = "<group>"; };
		5EC949F42CBBF5F7003736A9 /* AppDelegate.swift */ = {isa = PBXFileReference; lastKnownFileType = sourcecode.swift; path = AppDelegate.swift; sourceTree = "<group>"; };
		5EC949FF2CC291DB003736A9 /* ProfileView.swift */ = {isa = PBXFileReference; lastKnownFileType = sourcecode.swift; path = ProfileView.swift; sourceTree = "<group>"; };
		5EC94A012CC2954C003736A9 /* GalleryView.swift */ = {isa = PBXFileReference; lastKnownFileType = sourcecode.swift; path = GalleryView.swift; sourceTree = "<group>"; };
		5EC94A032CC29607003736A9 /* HomeView.swift */ = {isa = PBXFileReference; lastKnownFileType = sourcecode.swift; path = HomeView.swift; sourceTree = "<group>"; };
		5EC94A052CC29770003736A9 /* AuthenticationService.swift */ = {isa = PBXFileReference; lastKnownFileType = sourcecode.swift; path = AuthenticationService.swift; sourceTree = "<group>"; };
		5EC94A082CC3C762003736A9 /* ValidationFB.swift */ = {isa = PBXFileReference; lastKnownFileType = sourcecode.swift; path = ValidationFB.swift; sourceTree = "<group>"; };
		5EC94A0C2CC3CA4E003736A9 /* CustomErrorsFB.swift */ = {isa = PBXFileReference; lastKnownFileType = sourcecode.swift; path = CustomErrorsFB.swift; sourceTree = "<group>"; };
		5EC94A0F2CC3CCA2003736A9 /* FirestoreCollectionObserverService.swift */ = {isa = PBXFileReference; lastKnownFileType = sourcecode.swift; path = FirestoreCollectionObserverService.swift; sourceTree = "<group>"; };
		5EC94A112CC59585003736A9 /* HomeViewModel.swift */ = {isa = PBXFileReference; lastKnownFileType = sourcecode.swift; path = HomeViewModel.swift; sourceTree = "<group>"; };
		5EC94A142CC66DCE003736A9 /* HomeViewModelWrapper.swift */ = {isa = PBXFileReference; lastKnownFileType = sourcecode.swift; path = HomeViewModelWrapper.swift; sourceTree = "<group>"; };
/* End PBXFileReference section */

/* Begin PBXFrameworksBuildPhase section */
		5EC949C92CB526E5003736A9 /* Frameworks */ = {
			isa = PBXFrameworksBuildPhase;
			buildActionMask = 2147483647;
			files = (
				5EC949EF2CBBE556003736A9 /* FirebaseAuth in Frameworks */,
				5EC949F12CBBE556003736A9 /* FirebaseFirestore in Frameworks */,
				5EC949F32CBBE556003736A9 /* FirebaseStorage in Frameworks */,
			);
			runOnlyForDeploymentPostprocessing = 0;
		};
/* End PBXFrameworksBuildPhase section */

/* Begin PBXGroup section */
		5EC949C32CB526E5003736A9 = {
			isa = PBXGroup;
			children = (
				5EC949CE2CB526E5003736A9 /* TemplateSwiftUIProject */,
				5EC949CD2CB526E5003736A9 /* Products */,
			);
			sourceTree = "<group>";
		};
		5EC949CD2CB526E5003736A9 /* Products */ = {
			isa = PBXGroup;
			children = (
				5EC949CC2CB526E5003736A9 /* TemplateSwiftUIProject.app */,
			);
			name = Products;
			sourceTree = "<group>";
		};
		5EC949CE2CB526E5003736A9 /* TemplateSwiftUIProject */ = {
			isa = PBXGroup;
			children = (
				5EC94A0A2CC3C9BF003736A9 /* Utilities */,
				5EC949F82CC29137003736A9 /* Profile */,
				5EC949F72CC2912C003736A9 /* Gallery */,
				5EC949F62CC29109003736A9 /* Home */,
				5EC949DD2CB5271A003736A9 /* Onboarding */,
				5EC949CF2CB526E5003736A9 /* TemplateSwiftUIProjectApp.swift */,
				5EC949D12CB526E5003736A9 /* ContentView.swift */,
				5EC949EB2CBBE280003736A9 /* GoogleService-Info.plist */,
				5EC949D32CB526E9003736A9 /* Assets.xcassets */,
				5EC949D52CB526E9003736A9 /* Preview Content */,
				5EC949F42CBBF5F7003736A9 /* AppDelegate.swift */,
			);
			path = TemplateSwiftUIProject;
			sourceTree = "<group>";
		};
		5EC949D52CB526E9003736A9 /* Preview Content */ = {
			isa = PBXGroup;
			children = (
				5EC949D62CB526E9003736A9 /* Preview Assets.xcassets */,
			);
			path = "Preview Content";
			sourceTree = "<group>";
		};
		5EC949DD2CB5271A003736A9 /* Onboarding */ = {
			isa = PBXGroup;
			children = (
				5EC949E62CBA92EA003736A9 /* View */,
				5EC949E12CBA89B0003736A9 /* ViewModel */,
				5EC949DE2CBA88D2003736A9 /* Model */,
			);
			path = Onboarding;
			sourceTree = "<group>";
		};
		5EC949DE2CBA88D2003736A9 /* Model */ = {
			isa = PBXGroup;
			children = (
				5EC949DF2CBA88F2003736A9 /* OnboardingPage.swift */,
			);
			path = Model;
			sourceTree = "<group>";
		};
		5EC949E12CBA89B0003736A9 /* ViewModel */ = {
			isa = PBXGroup;
			children = (
				5EC949E22CBA89FC003736A9 /* OnboardingService .swift */,
				5EC949E42CBA8FC5003736A9 /* OnboardingViewModel.swift */,
			);
			path = ViewModel;
			sourceTree = "<group>";
		};
		5EC949E62CBA92EA003736A9 /* View */ = {
			isa = PBXGroup;
			children = (
				5EC949E72CBA9339003736A9 /* OnboardingPageView.swift */,
				5EC949E92CBA954F003736A9 /* OnboardingView.swift */,
			);
			path = View;
			sourceTree = "<group>";
		};
		5EC949F62CC29109003736A9 /* Home */ = {
			isa = PBXGroup;
			children = (
				5EC949FE2CC291BD003736A9 /* ViewModel */,
				5EC949FD2CC291B6003736A9 /* Model */,
				5EC949FC2CC291A6003736A9 /* Service */,
				5EC949FB2CC2919F003736A9 /* View */,
			);
			path = Home;
			sourceTree = "<group>";
		};
		5EC949F72CC2912C003736A9 /* Gallery */ = {
			isa = PBXGroup;
			children = (
				5EC949FA2CC29197003736A9 /* View */,
			);
			path = Gallery;
			sourceTree = "<group>";
		};
		5EC949F82CC29137003736A9 /* Profile */ = {
			isa = PBXGroup;
			children = (
				5EC949F92CC2918F003736A9 /* View */,
			);
			path = Profile;
			sourceTree = "<group>";
		};
		5EC949F92CC2918F003736A9 /* View */ = {
			isa = PBXGroup;
			children = (
				5EC949FF2CC291DB003736A9 /* ProfileView.swift */,
			);
			path = View;
			sourceTree = "<group>";
		};
		5EC949FA2CC29197003736A9 /* View */ = {
			isa = PBXGroup;
			children = (
				5EC94A012CC2954C003736A9 /* GalleryView.swift */,
			);
			path = View;
			sourceTree = "<group>";
		};
		5EC949FB2CC2919F003736A9 /* View */ = {
			isa = PBXGroup;
			children = (
				5EC94A032CC29607003736A9 /* HomeView.swift */,
			);
			path = View;
			sourceTree = "<group>";
		};
		5EC949FC2CC291A6003736A9 /* Service */ = {
			isa = PBXGroup;
			children = (
				5EC94A052CC29770003736A9 /* AuthenticationService.swift */,
				5EC94A0F2CC3CCA2003736A9 /* FirestoreCollectionObserverService.swift */,
			);
			path = Service;
			sourceTree = "<group>";
		};
		5EC949FD2CC291B6003736A9 /* Model */ = {
			isa = PBXGroup;
			children = (
			);
			path = Model;
			sourceTree = "<group>";
		};
		5EC949FE2CC291BD003736A9 /* ViewModel */ = {
			isa = PBXGroup;
			children = (
				5EC94A112CC59585003736A9 /* HomeViewModel.swift */,
				5EC94A142CC66DCE003736A9 /* HomeViewModelWrapper.swift */,
			);
			path = ViewModel;
			sourceTree = "<group>";
		};
		5EC94A072CC3C729003736A9 /* Helper */ = {
			isa = PBXGroup;
			children = (
				5EC94A082CC3C762003736A9 /* ValidationFB.swift */,
			);
			path = Helper;
			sourceTree = "<group>";
		};
		5EC94A0A2CC3C9BF003736A9 /* Utilities */ = {
			isa = PBXGroup;
			children = (
				5EC94A0E2CC3CBBB003736A9 /* Extension */,
				5EC94A0B2CC3CA2F003736A9 /* Errors */,
				5EC94A072CC3C729003736A9 /* Helper */,
			);
			path = Utilities;
			sourceTree = "<group>";
		};
		5EC94A0B2CC3CA2F003736A9 /* Errors */ = {
			isa = PBXGroup;
			children = (
				5EC94A0C2CC3CA4E003736A9 /* CustomErrorsFB.swift */,
				5EA4FDB52CCBCABD001CA401 /* SharedErrorHandler.swift */,
			);
			path = Errors;
			sourceTree = "<group>";
		};
		5EC94A0E2CC3CBBB003736A9 /* Extension */ = {
			isa = PBXGroup;
			children = (
			);
			path = Extension;
			sourceTree = "<group>";
		};
/* End PBXGroup section */

/* Begin PBXNativeTarget section */
		5EC949CB2CB526E5003736A9 /* TemplateSwiftUIProject */ = {
			isa = PBXNativeTarget;
			buildConfigurationList = 5EC949DA2CB526E9003736A9 /* Build configuration list for PBXNativeTarget "TemplateSwiftUIProject" */;
			buildPhases = (
				5EC949C82CB526E5003736A9 /* Sources */,
				5EC949C92CB526E5003736A9 /* Frameworks */,
				5EC949CA2CB526E5003736A9 /* Resources */,
			);
			buildRules = (
			);
			dependencies = (
			);
			name = TemplateSwiftUIProject;
			packageProductDependencies = (
				5EC949EE2CBBE556003736A9 /* FirebaseAuth */,
				5EC949F02CBBE556003736A9 /* FirebaseFirestore */,
				5EC949F22CBBE556003736A9 /* FirebaseStorage */,
			);
			productName = TemplateSwiftUIProject;
			productReference = 5EC949CC2CB526E5003736A9 /* TemplateSwiftUIProject.app */;
			productType = "com.apple.product-type.application";
		};
/* End PBXNativeTarget section */

/* Begin PBXProject section */
		5EC949C42CB526E5003736A9 /* Project object */ = {
			isa = PBXProject;
			attributes = {
				BuildIndependentTargetsInParallel = 1;
				LastSwiftUpdateCheck = 1540;
				LastUpgradeCheck = 1540;
				TargetAttributes = {
					5EC949CB2CB526E5003736A9 = {
						CreatedOnToolsVersion = 15.4;
					};
				};
			};
			buildConfigurationList = 5EC949C72CB526E5003736A9 /* Build configuration list for PBXProject "TemplateSwiftUIProject" */;
			compatibilityVersion = "Xcode 14.0";
			developmentRegion = en;
			hasScannedForEncodings = 0;
			knownRegions = (
				en,
				Base,
			);
			mainGroup = 5EC949C32CB526E5003736A9;
			packageReferences = (
				5EC949ED2CBBE556003736A9 /* XCRemoteSwiftPackageReference "firebase-ios-sdk" */,
			);
			productRefGroup = 5EC949CD2CB526E5003736A9 /* Products */;
			projectDirPath = "";
			projectRoot = "";
			targets = (
				5EC949CB2CB526E5003736A9 /* TemplateSwiftUIProject */,
			);
		};
/* End PBXProject section */

/* Begin PBXResourcesBuildPhase section */
		5EC949CA2CB526E5003736A9 /* Resources */ = {
			isa = PBXResourcesBuildPhase;
			buildActionMask = 2147483647;
			files = (
				5EC949D72CB526E9003736A9 /* Preview Assets.xcassets in Resources */,
				5EC949D42CB526E9003736A9 /* Assets.xcassets in Resources */,
				5EC949EC2CBBE280003736A9 /* GoogleService-Info.plist in Resources */,
			);
			runOnlyForDeploymentPostprocessing = 0;
		};
/* End PBXResourcesBuildPhase section */

/* Begin PBXSourcesBuildPhase section */
		5EC949C82CB526E5003736A9 /* Sources */ = {
			isa = PBXSourcesBuildPhase;
			buildActionMask = 2147483647;
			files = (
				5EC949F52CBBF5F8003736A9 /* AppDelegate.swift in Sources */,
				5EC94A002CC291DB003736A9 /* ProfileView.swift in Sources */,
				5EC94A0D2CC3CA4E003736A9 /* CustomErrorsFB.swift in Sources */,
				5EC94A152CC66DCF003736A9 /* HomeViewModelWrapper.swift in Sources */,
				5EC94A122CC59585003736A9 /* HomeViewModel.swift in Sources */,
				5EC949E82CBA9339003736A9 /* OnboardingPageView.swift in Sources */,
				5EC94A062CC29771003736A9 /* AuthenticationService.swift in Sources */,
				5EC94A092CC3C762003736A9 /* ValidationFB.swift in Sources */,
				5EC949E52CBA8FC5003736A9 /* OnboardingViewModel.swift in Sources */,
				5EC949D22CB526E5003736A9 /* ContentView.swift in Sources */,
				5EC94A042CC29607003736A9 /* HomeView.swift in Sources */,
				5EC949D02CB526E5003736A9 /* TemplateSwiftUIProjectApp.swift in Sources */,
				5EC949E02CBA88F2003736A9 /* OnboardingPage.swift in Sources */,
				5EC949E32CBA89FC003736A9 /* OnboardingService .swift in Sources */,
				5EC949EA2CBA954F003736A9 /* OnboardingView.swift in Sources */,
				5EC94A102CC3CCA2003736A9 /* FirestoreCollectionObserverService.swift in Sources */,
				5EA4FDB62CCBCABD001CA401 /* SharedErrorHandler.swift in Sources */,
				5EC94A022CC2954C003736A9 /* GalleryView.swift in Sources */,
			);
			runOnlyForDeploymentPostprocessing = 0;
		};
/* End PBXSourcesBuildPhase section */

/* Begin XCBuildConfiguration section */
		5EC949D82CB526E9003736A9 /* Debug */ = {
			isa = XCBuildConfiguration;
			buildSettings = {
				ALWAYS_SEARCH_USER_PATHS = NO;
				ASSETCATALOG_COMPILER_GENERATE_SWIFT_ASSET_SYMBOL_EXTENSIONS = YES;
				CLANG_ANALYZER_NONNULL = YES;
				CLANG_ANALYZER_NUMBER_OBJECT_CONVERSION = YES_AGGRESSIVE;
				CLANG_CXX_LANGUAGE_STANDARD = "gnu++20";
				CLANG_ENABLE_MODULES = YES;
				CLANG_ENABLE_OBJC_ARC = YES;
				CLANG_ENABLE_OBJC_WEAK = YES;
				CLANG_WARN_BLOCK_CAPTURE_AUTORELEASING = YES;
				CLANG_WARN_BOOL_CONVERSION = YES;
				CLANG_WARN_COMMA = YES;
				CLANG_WARN_CONSTANT_CONVERSION = YES;
				CLANG_WARN_DEPRECATED_OBJC_IMPLEMENTATIONS = YES;
				CLANG_WARN_DIRECT_OBJC_ISA_USAGE = YES_ERROR;
				CLANG_WARN_DOCUMENTATION_COMMENTS = YES;
				CLANG_WARN_EMPTY_BODY = YES;
				CLANG_WARN_ENUM_CONVERSION = YES;
				CLANG_WARN_INFINITE_RECURSION = YES;
				CLANG_WARN_INT_CONVERSION = YES;
				CLANG_WARN_NON_LITERAL_NULL_CONVERSION = YES;
				CLANG_WARN_OBJC_IMPLICIT_RETAIN_SELF = YES;
				CLANG_WARN_OBJC_LITERAL_CONVERSION = YES;
				CLANG_WARN_OBJC_ROOT_CLASS = YES_ERROR;
				CLANG_WARN_QUOTED_INCLUDE_IN_FRAMEWORK_HEADER = YES;
				CLANG_WARN_RANGE_LOOP_ANALYSIS = YES;
				CLANG_WARN_STRICT_PROTOTYPES = YES;
				CLANG_WARN_SUSPICIOUS_MOVE = YES;
				CLANG_WARN_UNGUARDED_AVAILABILITY = YES_AGGRESSIVE;
				CLANG_WARN_UNREACHABLE_CODE = YES;
				CLANG_WARN__DUPLICATE_METHOD_MATCH = YES;
				COPY_PHASE_STRIP = NO;
				DEBUG_INFORMATION_FORMAT = dwarf;
				ENABLE_STRICT_OBJC_MSGSEND = YES;
				ENABLE_TESTABILITY = YES;
				ENABLE_USER_SCRIPT_SANDBOXING = YES;
				GCC_C_LANGUAGE_STANDARD = gnu17;
				GCC_DYNAMIC_NO_PIC = NO;
				GCC_NO_COMMON_BLOCKS = YES;
				GCC_OPTIMIZATION_LEVEL = 0;
				GCC_PREPROCESSOR_DEFINITIONS = (
					"DEBUG=1",
					"$(inherited)",
				);
				GCC_WARN_64_TO_32_BIT_CONVERSION = YES;
				GCC_WARN_ABOUT_RETURN_TYPE = YES_ERROR;
				GCC_WARN_UNDECLARED_SELECTOR = YES;
				GCC_WARN_UNINITIALIZED_AUTOS = YES_AGGRESSIVE;
				GCC_WARN_UNUSED_FUNCTION = YES;
				GCC_WARN_UNUSED_VARIABLE = YES;
				IPHONEOS_DEPLOYMENT_TARGET = 17.5;
				LOCALIZATION_PREFERS_STRING_CATALOGS = YES;
				MTL_ENABLE_DEBUG_INFO = INCLUDE_SOURCE;
				MTL_FAST_MATH = YES;
				ONLY_ACTIVE_ARCH = YES;
				SDKROOT = iphoneos;
				SWIFT_ACTIVE_COMPILATION_CONDITIONS = "DEBUG $(inherited)";
				SWIFT_OPTIMIZATION_LEVEL = "-Onone";
			};
			name = Debug;
		};
		5EC949D92CB526E9003736A9 /* Release */ = {
			isa = XCBuildConfiguration;
			buildSettings = {
				ALWAYS_SEARCH_USER_PATHS = NO;
				ASSETCATALOG_COMPILER_GENERATE_SWIFT_ASSET_SYMBOL_EXTENSIONS = YES;
				CLANG_ANALYZER_NONNULL = YES;
				CLANG_ANALYZER_NUMBER_OBJECT_CONVERSION = YES_AGGRESSIVE;
				CLANG_CXX_LANGUAGE_STANDARD = "gnu++20";
				CLANG_ENABLE_MODULES = YES;
				CLANG_ENABLE_OBJC_ARC = YES;
				CLANG_ENABLE_OBJC_WEAK = YES;
				CLANG_WARN_BLOCK_CAPTURE_AUTORELEASING = YES;
				CLANG_WARN_BOOL_CONVERSION = YES;
				CLANG_WARN_COMMA = YES;
				CLANG_WARN_CONSTANT_CONVERSION = YES;
				CLANG_WARN_DEPRECATED_OBJC_IMPLEMENTATIONS = YES;
				CLANG_WARN_DIRECT_OBJC_ISA_USAGE = YES_ERROR;
				CLANG_WARN_DOCUMENTATION_COMMENTS = YES;
				CLANG_WARN_EMPTY_BODY = YES;
				CLANG_WARN_ENUM_CONVERSION = YES;
				CLANG_WARN_INFINITE_RECURSION = YES;
				CLANG_WARN_INT_CONVERSION = YES;
				CLANG_WARN_NON_LITERAL_NULL_CONVERSION = YES;
				CLANG_WARN_OBJC_IMPLICIT_RETAIN_SELF = YES;
				CLANG_WARN_OBJC_LITERAL_CONVERSION = YES;
				CLANG_WARN_OBJC_ROOT_CLASS = YES_ERROR;
				CLANG_WARN_QUOTED_INCLUDE_IN_FRAMEWORK_HEADER = YES;
				CLANG_WARN_RANGE_LOOP_ANALYSIS = YES;
				CLANG_WARN_STRICT_PROTOTYPES = YES;
				CLANG_WARN_SUSPICIOUS_MOVE = YES;
				CLANG_WARN_UNGUARDED_AVAILABILITY = YES_AGGRESSIVE;
				CLANG_WARN_UNREACHABLE_CODE = YES;
				CLANG_WARN__DUPLICATE_METHOD_MATCH = YES;
				COPY_PHASE_STRIP = NO;
				DEBUG_INFORMATION_FORMAT = "dwarf-with-dsym";
				ENABLE_NS_ASSERTIONS = NO;
				ENABLE_STRICT_OBJC_MSGSEND = YES;
				ENABLE_USER_SCRIPT_SANDBOXING = YES;
				GCC_C_LANGUAGE_STANDARD = gnu17;
				GCC_NO_COMMON_BLOCKS = YES;
				GCC_WARN_64_TO_32_BIT_CONVERSION = YES;
				GCC_WARN_ABOUT_RETURN_TYPE = YES_ERROR;
				GCC_WARN_UNDECLARED_SELECTOR = YES;
				GCC_WARN_UNINITIALIZED_AUTOS = YES_AGGRESSIVE;
				GCC_WARN_UNUSED_FUNCTION = YES;
				GCC_WARN_UNUSED_VARIABLE = YES;
				IPHONEOS_DEPLOYMENT_TARGET = 17.5;
				LOCALIZATION_PREFERS_STRING_CATALOGS = YES;
				MTL_ENABLE_DEBUG_INFO = NO;
				MTL_FAST_MATH = YES;
				SDKROOT = iphoneos;
				SWIFT_COMPILATION_MODE = wholemodule;
				VALIDATE_PRODUCT = YES;
			};
			name = Release;
		};
		5EC949DB2CB526E9003736A9 /* Debug */ = {
			isa = XCBuildConfiguration;
			buildSettings = {
				ASSETCATALOG_COMPILER_APPICON_NAME = AppIcon;
				ASSETCATALOG_COMPILER_GLOBAL_ACCENT_COLOR_NAME = AccentColor;
				CODE_SIGN_STYLE = Automatic;
				CURRENT_PROJECT_VERSION = 1;
				DEVELOPMENT_ASSET_PATHS = "\"TemplateSwiftUIProject/Preview Content\"";
				DEVELOPMENT_TEAM = QD93FKGNRU;
				ENABLE_PREVIEWS = YES;
				GENERATE_INFOPLIST_FILE = YES;
				INFOPLIST_KEY_UIApplicationSceneManifest_Generation = YES;
				INFOPLIST_KEY_UIApplicationSupportsIndirectInputEvents = YES;
				INFOPLIST_KEY_UILaunchScreen_Generation = YES;
				INFOPLIST_KEY_UISupportedInterfaceOrientations_iPad = "UIInterfaceOrientationPortrait UIInterfaceOrientationPortraitUpsideDown UIInterfaceOrientationLandscapeLeft UIInterfaceOrientationLandscapeRight";
				INFOPLIST_KEY_UISupportedInterfaceOrientations_iPhone = "UIInterfaceOrientationPortrait UIInterfaceOrientationLandscapeLeft UIInterfaceOrientationLandscapeRight";
				LD_RUNPATH_SEARCH_PATHS = (
					"$(inherited)",
					"@executable_path/Frameworks",
				);
				MARKETING_VERSION = 1.0;
				PRODUCT_BUNDLE_IDENTIFIER = klenov.TemplateSwiftUIProject;
				PRODUCT_NAME = "$(TARGET_NAME)";
				SWIFT_EMIT_LOC_STRINGS = YES;
				SWIFT_VERSION = 5.0;
				TARGETED_DEVICE_FAMILY = "1,2";
			};
			name = Debug;
		};
		5EC949DC2CB526E9003736A9 /* Release */ = {
			isa = XCBuildConfiguration;
			buildSettings = {
				ASSETCATALOG_COMPILER_APPICON_NAME = AppIcon;
				ASSETCATALOG_COMPILER_GLOBAL_ACCENT_COLOR_NAME = AccentColor;
				CODE_SIGN_STYLE = Automatic;
				CURRENT_PROJECT_VERSION = 1;
				DEVELOPMENT_ASSET_PATHS = "\"TemplateSwiftUIProject/Preview Content\"";
				DEVELOPMENT_TEAM = QD93FKGNRU;
				ENABLE_PREVIEWS = YES;
				GENERATE_INFOPLIST_FILE = YES;
				INFOPLIST_KEY_UIApplicationSceneManifest_Generation = YES;
				INFOPLIST_KEY_UIApplicationSupportsIndirectInputEvents = YES;
				INFOPLIST_KEY_UILaunchScreen_Generation = YES;
				INFOPLIST_KEY_UISupportedInterfaceOrientations_iPad = "UIInterfaceOrientationPortrait UIInterfaceOrientationPortraitUpsideDown UIInterfaceOrientationLandscapeLeft UIInterfaceOrientationLandscapeRight";
				INFOPLIST_KEY_UISupportedInterfaceOrientations_iPhone = "UIInterfaceOrientationPortrait UIInterfaceOrientationLandscapeLeft UIInterfaceOrientationLandscapeRight";
				LD_RUNPATH_SEARCH_PATHS = (
					"$(inherited)",
					"@executable_path/Frameworks",
				);
				MARKETING_VERSION = 1.0;
				PRODUCT_BUNDLE_IDENTIFIER = klenov.TemplateSwiftUIProject;
				PRODUCT_NAME = "$(TARGET_NAME)";
				SWIFT_EMIT_LOC_STRINGS = YES;
				SWIFT_VERSION = 5.0;
				TARGETED_DEVICE_FAMILY = "1,2";
			};
			name = Release;
		};
/* End XCBuildConfiguration section */

/* Begin XCConfigurationList section */
		5EC949C72CB526E5003736A9 /* Build configuration list for PBXProject "TemplateSwiftUIProject" */ = {
			isa = XCConfigurationList;
			buildConfigurations = (
				5EC949D82CB526E9003736A9 /* Debug */,
				5EC949D92CB526E9003736A9 /* Release */,
			);
			defaultConfigurationIsVisible = 0;
			defaultConfigurationName = Release;
		};
		5EC949DA2CB526E9003736A9 /* Build configuration list for PBXNativeTarget "TemplateSwiftUIProject" */ = {
			isa = XCConfigurationList;
			buildConfigurations = (
				5EC949DB2CB526E9003736A9 /* Debug */,
				5EC949DC2CB526E9003736A9 /* Release */,
			);
			defaultConfigurationIsVisible = 0;
			defaultConfigurationName = Release;
		};
/* End XCConfigurationList section */

/* Begin XCRemoteSwiftPackageReference section */
		5EC949ED2CBBE556003736A9 /* XCRemoteSwiftPackageReference "firebase-ios-sdk" */ = {
			isa = XCRemoteSwiftPackageReference;
			repositoryURL = "https://github.com/firebase/firebase-ios-sdk";
			requirement = {
				kind = upToNextMajorVersion;
				minimumVersion = 11.3.0;
			};
		};
/* End XCRemoteSwiftPackageReference section */

/* Begin XCSwiftPackageProductDependency section */
		5EC949EE2CBBE556003736A9 /* FirebaseAuth */ = {
			isa = XCSwiftPackageProductDependency;
			package = 5EC949ED2CBBE556003736A9 /* XCRemoteSwiftPackageReference "firebase-ios-sdk" */;
			productName = FirebaseAuth;
		};
		5EC949F02CBBE556003736A9 /* FirebaseFirestore */ = {
			isa = XCSwiftPackageProductDependency;
			package = 5EC949ED2CBBE556003736A9 /* XCRemoteSwiftPackageReference "firebase-ios-sdk" */;
			productName = FirebaseFirestore;
		};
		5EC949F22CBBE556003736A9 /* FirebaseStorage */ = {
			isa = XCSwiftPackageProductDependency;
			package = 5EC949ED2CBBE556003736A9 /* XCRemoteSwiftPackageReference "firebase-ios-sdk" */;
			productName = FirebaseStorage;
		};
/* End XCSwiftPackageProductDependency section */
	};
	rootObject = 5EC949C42CB526E5003736A9 /* Project object */;
}
