// !$*UTF8*$!
{
	archiveVersion = 1;
	classes = {
	};
	objectVersion = 56;
	objects = {

/* Begin PBXBuildFile section */
		5E8F9C672D537949004036F6 /* TabSwitcher.swift in Sources */ = {isa = PBXBuildFile; fileRef = 5E8F9C662D537949004036F6 /* TabSwitcher.swift */; };
		5E8F9C692D5379AF004036F6 /* HomeCoordinator.swift in Sources */ = {isa = PBXBuildFile; fileRef = 5E8F9C682D5379AF004036F6 /* HomeCoordinator.swift */; };
		5E8F9C6C2D537A03004036F6 /* ViewBuilderService.swift in Sources */ = {isa = PBXBuildFile; fileRef = 5E8F9C6B2D537A03004036F6 /* ViewBuilderService.swift */; };
		5E8F9C6E2D537A57004036F6 /* ViewBuilderModel.swift in Sources */ = {isa = PBXBuildFile; fileRef = 5E8F9C6D2D537A57004036F6 /* ViewBuilderModel.swift */; };
		5E8F9C712D537AA1004036F6 /* SomeView.swift in Sources */ = {isa = PBXBuildFile; fileRef = 5E8F9C702D537AA1004036F6 /* SomeView.swift */; };
		5E8F9C742D537B0E004036F6 /* DataStore.swift in Sources */ = {isa = PBXBuildFile; fileRef = 5E8F9C732D537B0E004036F6 /* DataStore.swift */; };
		5E8F9C762D537CC5004036F6 /* BookDetailsViewModel.swift in Sources */ = {isa = PBXBuildFile; fileRef = 5E8F9C752D537CC5004036F6 /* BookDetailsViewModel.swift */; };
		5E8F9C792D54EC92004036F6 /* SDWebImageSwiftUI in Frameworks */ = {isa = PBXBuildFile; productRef = 5E8F9C782D54EC92004036F6 /* SDWebImageSwiftUI */; };
		5E8F9C8A2D5CC8D8004036F6 /* WebImageView.swift in Sources */ = {isa = PBXBuildFile; fileRef = 5E8F9C892D5CC8D8004036F6 /* WebImageView.swift */; };
		5E8F9C8C2D6348BF004036F6 /* BooksListView.swift in Sources */ = {isa = PBXBuildFile; fileRef = 5E8F9C8B2D6348BF004036F6 /* BooksListView.swift */; };
		5E8F9C8E2D6348D8004036F6 /* BookRowView.swift in Sources */ = {isa = PBXBuildFile; fileRef = 5E8F9C8D2D6348D8004036F6 /* BookRowView.swift */; };
		5E8F9C902D634EA4004036F6 /* ContentErrorView.swift in Sources */ = {isa = PBXBuildFile; fileRef = 5E8F9C8F2D634EA4004036F6 /* ContentErrorView.swift */; };
		5E8F9C962D65F4F2004036F6 /* Localizable.strings in Resources */ = {isa = PBXBuildFile; fileRef = 5E8F9C942D65F4F2004036F6 /* Localizable.strings */; };
		5E8F9C9A2D65F573004036F6 /* Localized.swift in Sources */ = {isa = PBXBuildFile; fileRef = 5E8F9C992D65F573004036F6 /* Localized.swift */; };
		5E8F9C9D2D6F53E3004036F6 /* LocalizationService.swift in Sources */ = {isa = PBXBuildFile; fileRef = 5E8F9C9C2D6F53E3004036F6 /* LocalizationService.swift */; };
		5E8F9CA12D7CDFB7004036F6 /* GalleryContentViewModel(test).swift in Sources */ = {isa = PBXBuildFile; fileRef = 5E8F9CA02D7CDFB7004036F6 /* GalleryContentViewModel(test).swift */; };
		5E8F9CA32D7CDFCF004036F6 /* GalleryModel.swift in Sources */ = {isa = PBXBuildFile; fileRef = 5E8F9CA22D7CDFCF004036F6 /* GalleryModel.swift */; };
		5E8F9CA52D7EC973004036F6 /* GalleryListView(test).swift in Sources */ = {isa = PBXBuildFile; fileRef = 5E8F9CA42D7EC973004036F6 /* GalleryListView(test).swift */; };
		5E8F9CA72D7EC9F6004036F6 /* GalleryRowView(test).swift in Sources */ = {isa = PBXBuildFile; fileRef = 5E8F9CA62D7EC9F6004036F6 /* GalleryRowView(test).swift */; };
		5E8F9CA92D7ED71D004036F6 /* GalleryCoordinator.swift in Sources */ = {isa = PBXBuildFile; fileRef = 5E8F9CA82D7ED71D004036F6 /* GalleryCoordinator.swift */; };
		5E8F9CAB2D7ED7DE004036F6 /* GalleryContentView(test).swift in Sources */ = {isa = PBXBuildFile; fileRef = 5E8F9CAA2D7ED7DE004036F6 /* GalleryContentView(test).swift */; };
		5E8F9CAD2D7ED912004036F6 /* GalleryViewModel(test).swift in Sources */ = {isa = PBXBuildFile; fileRef = 5E8F9CAC2D7ED912004036F6 /* GalleryViewModel(test).swift */; };
		5E8F9CB12D819EB6004036F6 /* GalleryView.swift in Sources */ = {isa = PBXBuildFile; fileRef = 5E8F9CB02D819EB6004036F6 /* GalleryView.swift */; };
		5E8F9CB32D819F21004036F6 /* GalleryViewModel.swift in Sources */ = {isa = PBXBuildFile; fileRef = 5E8F9CB22D819F21004036F6 /* GalleryViewModel.swift */; };
		5E8F9CB52D819F68004036F6 /* GalleryContentView.swift in Sources */ = {isa = PBXBuildFile; fileRef = 5E8F9CB42D819F68004036F6 /* GalleryContentView.swift */; };
		5E8F9CB92D81A276004036F6 /* GalleryCompositView.swift in Sources */ = {isa = PBXBuildFile; fileRef = 5E8F9CB82D81A276004036F6 /* GalleryCompositView.swift */; };
		5E8F9CBD2D81A401004036F6 /* MallsSectionView.swift in Sources */ = {isa = PBXBuildFile; fileRef = 5E8F9CBC2D81A401004036F6 /* MallsSectionView.swift */; };
		5E8F9CBF2D81A451004036F6 /* ShopsSectionView.swift in Sources */ = {isa = PBXBuildFile; fileRef = 5E8F9CBE2D81A451004036F6 /* ShopsSectionView.swift */; };
		5E8F9CC12D81A476004036F6 /* PopularProductsSectionView.swift in Sources */ = {isa = PBXBuildFile; fileRef = 5E8F9CC02D81A476004036F6 /* PopularProductsSectionView.swift */; };
		5E8F9CC32D81A4A7004036F6 /* MallCell.swift in Sources */ = {isa = PBXBuildFile; fileRef = 5E8F9CC22D81A4A7004036F6 /* MallCell.swift */; };
		5E8F9CC52D81A4CB004036F6 /* ShopCell.swift in Sources */ = {isa = PBXBuildFile; fileRef = 5E8F9CC42D81A4CB004036F6 /* ShopCell.swift */; };
		5E8F9CC72D81A4EB004036F6 /* ProductCell.swift in Sources */ = {isa = PBXBuildFile; fileRef = 5E8F9CC62D81A4EB004036F6 /* ProductCell.swift */; };
		5E8F9CCA2D81AC47004036F6 /* FirestoreGetService.swift in Sources */ = {isa = PBXBuildFile; fileRef = 5E8F9CC92D81AC47004036F6 /* FirestoreGetService.swift */; };
		5E8F9CCC2D81AF68004036F6 /* GalleryContentViewModel.swift in Sources */ = {isa = PBXBuildFile; fileRef = 5E8F9CCB2D81AF68004036F6 /* GalleryContentViewModel.swift */; };
		5E8F9CCF2D99777A004036F6 /* ImageCacheManager.swift in Sources */ = {isa = PBXBuildFile; fileRef = 5E8F9CCE2D99777A004036F6 /* ImageCacheManager.swift */; };
		5E8F9CD12D9BD358004036F6 /* UIFont+DynamicTypeMetrics.swift in Sources */ = {isa = PBXBuildFile; fileRef = 5E8F9CD02D9BD358004036F6 /* UIFont+DynamicTypeMetrics.swift */; };
		5EA2E5F32DDC8A5D00C53E52 /* ValidationString.swift in Sources */ = {isa = PBXBuildFile; fileRef = 5EA2E5F22DDC8A5D00C53E52 /* ValidationString.swift */; };
		5EA2E5F52DDCB1CC00C53E52 /* HideKeyboard.swift in Sources */ = {isa = PBXBuildFile; fileRef = 5EA2E5F42DDCB1CC00C53E52 /* HideKeyboard.swift */; };
		5EA2E5F82DDCB28D00C53E52 /* SignUpViewModel.swift in Sources */ = {isa = PBXBuildFile; fileRef = 5EA2E5F72DDCB28D00C53E52 /* SignUpViewModel.swift */; };
		5EA2E5FF2DDF35AD00C53E52 /* SignInView.swift in Sources */ = {isa = PBXBuildFile; fileRef = 5EA2E5FE2DDF35AD00C53E52 /* SignInView.swift */; };
		5EA2E6012DDF360500C53E52 /* SignInViewModel.swift in Sources */ = {isa = PBXBuildFile; fileRef = 5EA2E6002DDF360500C53E52 /* SignInViewModel.swift */; };
		5EA2E6052DE34EE000C53E52 /* OrientationInfo.swift in Sources */ = {isa = PBXBuildFile; fileRef = 5EA2E6042DE34EE000C53E52 /* OrientationInfo.swift */; };
		5EA2E6072DEF2E4B00C53E52 /* CommentOrientationInfo.swift in Sources */ = {isa = PBXBuildFile; fileRef = 5EA2E6062DEF2E4B00C53E52 /* CommentOrientationInfo.swift */; };
		5EA2E60B2DF2DF6600C53E52 /* Layout.swift in Sources */ = {isa = PBXBuildFile; fileRef = 5EA2E60A2DF2DF6600C53E52 /* Layout.swift */; };
		5EA2E60E2E0007CB00C53E52 /* AuthorizationManager.swift in Sources */ = {isa = PBXBuildFile; fileRef = 5EA2E60D2E0007CB00C53E52 /* AuthorizationManager.swift */; };
		5EA2E6102E00093F00C53E52 /* AuthorizationService.swift in Sources */ = {isa = PBXBuildFile; fileRef = 5EA2E60F2E00093F00C53E52 /* AuthorizationService.swift */; };
		5EA2E6122E03FFBF00C53E52 /* CombineSetting.swift in Sources */ = {isa = PBXBuildFile; fileRef = 5EA2E6112E03FFBF00C53E52 /* CombineSetting.swift */; };
		5EA4FDB62CCBCABD001CA401 /* SharedErrorHandler.swift in Sources */ = {isa = PBXBuildFile; fileRef = 5EA4FDB52CCBCABD001CA401 /* SharedErrorHandler.swift */; };
		5EA4FDBB2CD51037001CA401 /* AppColors.swift in Sources */ = {isa = PBXBuildFile; fileRef = 5EA4FDBA2CD51037001CA401 /* AppColors.swift */; };
		5EA4FDC52CD79747001CA401 /* Book.swift in Sources */ = {isa = PBXBuildFile; fileRef = 5EA4FDC42CD79747001CA401 /* Book.swift */; };
		5EA4FDC72CD8E780001CA401 /* BookEditView.swift in Sources */ = {isa = PBXBuildFile; fileRef = 5EA4FDC62CD8E780001CA401 /* BookEditView.swift */; };
		5EA4FDC92CD8E91A001CA401 /* BookViewModel.swift in Sources */ = {isa = PBXBuildFile; fileRef = 5EA4FDC82CD8E91A001CA401 /* BookViewModel.swift */; };
		5EA4FE042CDCE960001CA401 /* FirebaseAuth in Frameworks */ = {isa = PBXBuildFile; productRef = 5EA4FE032CDCE960001CA401 /* FirebaseAuth */; };
		5EA4FE062CDCE960001CA401 /* FirebaseCore in Frameworks */ = {isa = PBXBuildFile; productRef = 5EA4FE052CDCE960001CA401 /* FirebaseCore */; };
		5EA4FE082CDCE960001CA401 /* FirebaseDatabase in Frameworks */ = {isa = PBXBuildFile; productRef = 5EA4FE072CDCE960001CA401 /* FirebaseDatabase */; };
		5EA4FE0A2CDCE960001CA401 /* FirebaseFirestore in Frameworks */ = {isa = PBXBuildFile; productRef = 5EA4FE092CDCE960001CA401 /* FirebaseFirestore */; };
		5EA4FE0C2CDCE960001CA401 /* FirebaseFirestoreCombine-Community in Frameworks */ = {isa = PBXBuildFile; productRef = 5EA4FE0B2CDCE960001CA401 /* FirebaseFirestoreCombine-Community */; };
		5EA4FE0E2CDCE960001CA401 /* FirebaseStorage in Frameworks */ = {isa = PBXBuildFile; productRef = 5EA4FE0D2CDCE960001CA401 /* FirebaseStorage */; };
		5EA4FE102CDCE960001CA401 /* FirebaseStorageCombine-Community in Frameworks */ = {isa = PBXBuildFile; productRef = 5EA4FE0F2CDCE960001CA401 /* FirebaseStorageCombine-Community */; };
		5EA4FE242CE61ED8001CA401 /* DatabaseCRUDService.swift in Sources */ = {isa = PBXBuildFile; fileRef = 5EA4FE232CE61ED8001CA401 /* DatabaseCRUDService.swift */; };
		5EA4FE262CE756EE001CA401 /* AuthService.swift in Sources */ = {isa = PBXBuildFile; fileRef = 5EA4FE252CE756EE001CA401 /* AuthService.swift */; };
		5EA4FE292CF5B558001CA401 /* BookDetailsView.swift in Sources */ = {isa = PBXBuildFile; fileRef = 5EA4FE282CF5B557001CA401 /* BookDetailsView.swift */; };
		5EA4FE2C2CFDAECE001CA401 /* AlertManager.swift in Sources */ = {isa = PBXBuildFile; fileRef = 5EA4FE2B2CFDAECE001CA401 /* AlertManager.swift */; };
		5EA4FE2F2D05B89B001CA401 /* SheetManager.swift in Sources */ = {isa = PBXBuildFile; fileRef = 5EA4FE2E2D05B89B001CA401 /* SheetManager.swift */; };
		5EA4FE322D09CF87001CA401 /* CRUDSManager.swift in Sources */ = {isa = PBXBuildFile; fileRef = 5EA4FE312D09CF87001CA401 /* CRUDSManager.swift */; };
		5EA4FE362D21C8D7001CA401 /* HomeContentView.swift in Sources */ = {isa = PBXBuildFile; fileRef = 5EA4FE352D21C8D7001CA401 /* HomeContentView.swift */; };
		5EAF5B032D2D552900D96FD6 /* HomeViewModel.swift in Sources */ = {isa = PBXBuildFile; fileRef = 5EAF5B022D2D552900D96FD6 /* HomeViewModel.swift */; };
		5EAF5B082D2D563D00D96FD6 /* AlertViewGlobal.swift in Sources */ = {isa = PBXBuildFile; fileRef = 5EAF5B072D2D563D00D96FD6 /* AlertViewGlobal.swift */; };
		5EAF5B0C2D2D56D400D96FD6 /* AlertViewModel.swift in Sources */ = {isa = PBXBuildFile; fileRef = 5EAF5B0B2D2D56D400D96FD6 /* AlertViewModel.swift */; };
		5EAF5B0E2D2FF96000D96FD6 /* FirstAppear.swift in Sources */ = {isa = PBXBuildFile; fileRef = 5EAF5B0D2D2FF96000D96FD6 /* FirstAppear.swift */; };
		5EAF5B132D367E7E00D96FD6 /* ContentViewModel.swift in Sources */ = {isa = PBXBuildFile; fileRef = 5EAF5B122D367E7E00D96FD6 /* ContentViewModel.swift */; };
		5EAF5B1B2D4B863B00D96FD6 /* MainCoordinator.swift in Sources */ = {isa = PBXBuildFile; fileRef = 5EAF5B1A2D4B863B00D96FD6 /* MainCoordinator.swift */; };
		5EBFD5C22E055CBC00A3C74C /* SignUpViewInjected.swift in Sources */ = {isa = PBXBuildFile; fileRef = 5EBFD5C12E055CBC00A3C74C /* SignUpViewInjected.swift */; };
		5EBFD5C42E1008C000A3C74C /* LifeCycleView.swift in Sources */ = {isa = PBXBuildFile; fileRef = 5EBFD5C32E1008C000A3C74C /* LifeCycleView.swift */; };
		5EBFD5C62E1A868E00A3C74C /* RunLoopSetting.swift in Sources */ = {isa = PBXBuildFile; fileRef = 5EBFD5C52E1A868E00A3C74C /* RunLoopSetting.swift */; };
		5EBFD5C82E1AA15400A3C74C /* SignInViewInjected.swift in Sources */ = {isa = PBXBuildFile; fileRef = 5EBFD5C72E1AA15400A3C74C /* SignInViewInjected.swift */; };
		5EBFD5CA2E1CFF4A00A3C74C /* ContentAccountViewInjected.swift in Sources */ = {isa = PBXBuildFile; fileRef = 5EBFD5C92E1CFF4A00A3C74C /* ContentAccountViewInjected.swift */; };
		5EBFD5CC2E1D004E00A3C74C /* ContentAccountViewModel.swift in Sources */ = {isa = PBXBuildFile; fileRef = 5EBFD5CB2E1D004E00A3C74C /* ContentAccountViewModel.swift */; };
		5EBFD5CE2E1D015000A3C74C /* DeleteAccountCellView.swift in Sources */ = {isa = PBXBuildFile; fileRef = 5EBFD5CD2E1D015000A3C74C /* DeleteAccountCellView.swift */; };
		5EC88ED42DA93AAE00A95224 /* SDWebImageErrorHandler.swift in Sources */ = {isa = PBXBuildFile; fileRef = 5EC88ED32DA93AAE00A95224 /* SDWebImageErrorHandler.swift */; };
		5EC88ED62DAA8A8500A95224 /* CrashlyticsLoggingService.swift in Sources */ = {isa = PBXBuildFile; fileRef = 5EC88ED52DAA8A8500A95224 /* CrashlyticsLoggingService.swift */; };
		5EC88ED82DAE8E8D00A95224 /* EmptyStateView.swift in Sources */ = {isa = PBXBuildFile; fileRef = 5EC88ED72DAE8E8D00A95224 /* EmptyStateView.swift */; };
		5EC88EDA2DB128F100A95224 /* AccountCoordinator.swift in Sources */ = {isa = PBXBuildFile; fileRef = 5EC88ED92DB128F100A95224 /* AccountCoordinator.swift */; };
		5EC88EDC2DB136F500A95224 /* AccountView.swift in Sources */ = {isa = PBXBuildFile; fileRef = 5EC88EDB2DB136F500A95224 /* AccountView.swift */; };
		5EC88EDF2DB1377B00A95224 /* AccountViewModel.swift in Sources */ = {isa = PBXBuildFile; fileRef = 5EC88EDE2DB1377B00A95224 /* AccountViewModel.swift */; };
		5EC88EE12DB2342700A95224 /* UserInfoCellView.swift in Sources */ = {isa = PBXBuildFile; fileRef = 5EC88EE02DB2342700A95224 /* UserInfoCellView.swift */; };
		5EC88EE32DB2347800A95224 /* NavigationCellView.swift in Sources */ = {isa = PBXBuildFile; fileRef = 5EC88EE22DB2347800A95224 /* NavigationCellView.swift */; };
		5EC88EE52DB234CF00A95224 /* ToggleCellView.swift in Sources */ = {isa = PBXBuildFile; fileRef = 5EC88EE42DB234CF00A95224 /* ToggleCellView.swift */; };
		5EC88EE82DBD815900A95224 /* GlobalRetryHandler.swift in Sources */ = {isa = PBXBuildFile; fileRef = 5EC88EE72DBD815900A95224 /* GlobalRetryHandler.swift */; };
		5EC88EEB2DBF8CEE00A95224 /* NetworkMonitor.swift in Sources */ = {isa = PBXBuildFile; fileRef = 5EC88EEA2DBF8CEE00A95224 /* NetworkMonitor.swift */; };
		5EC88EEE2DBF92A600A95224 /* NetworkStatusBanner.swift in Sources */ = {isa = PBXBuildFile; fileRef = 5EC88EED2DBF92A600A95224 /* NetworkStatusBanner.swift */; };
		5EC88EF12DCE234D00A95224 /* HapticFeedbackModifier.swift in Sources */ = {isa = PBXBuildFile; fileRef = 5EC88EF02DCE234D00A95224 /* HapticFeedbackModifier.swift */; };
		5EC88EF62DD0BC6800A95224 /* Launch Screen.storyboard in Resources */ = {isa = PBXBuildFile; fileRef = 5EC88EF52DD0BC6700A95224 /* Launch Screen.storyboard */; };
		5EC88EF82DD1D37800A95224 /* SettingLaunchScreen.swift in Sources */ = {isa = PBXBuildFile; fileRef = 5EC88EF72DD1D37800A95224 /* SettingLaunchScreen.swift */; };
		5EC88EFD2DD4A58D00A95224 /* SignUpView.swift in Sources */ = {isa = PBXBuildFile; fileRef = 5EC88EFC2DD4A58D00A95224 /* SignUpView.swift */; };
		5EC949D02CB526E5003736A9 /* TemplateSwiftUIProjectApp.swift in Sources */ = {isa = PBXBuildFile; fileRef = 5EC949CF2CB526E5003736A9 /* TemplateSwiftUIProjectApp.swift */; };
		5EC949D22CB526E5003736A9 /* ContentView.swift in Sources */ = {isa = PBXBuildFile; fileRef = 5EC949D12CB526E5003736A9 /* ContentView.swift */; };
		5EC949D42CB526E9003736A9 /* Assets.xcassets in Resources */ = {isa = PBXBuildFile; fileRef = 5EC949D32CB526E9003736A9 /* Assets.xcassets */; };
		5EC949D72CB526E9003736A9 /* Preview Assets.xcassets in Resources */ = {isa = PBXBuildFile; fileRef = 5EC949D62CB526E9003736A9 /* Preview Assets.xcassets */; };
		5EC949E02CBA88F2003736A9 /* OnboardingPage.swift in Sources */ = {isa = PBXBuildFile; fileRef = 5EC949DF2CBA88F2003736A9 /* OnboardingPage.swift */; };
		5EC949E32CBA89FC003736A9 /* OnboardingService .swift in Sources */ = {isa = PBXBuildFile; fileRef = 5EC949E22CBA89FC003736A9 /* OnboardingService .swift */; };
		5EC949E52CBA8FC5003736A9 /* OnboardingViewModel.swift in Sources */ = {isa = PBXBuildFile; fileRef = 5EC949E42CBA8FC5003736A9 /* OnboardingViewModel.swift */; };
		5EC949E82CBA9339003736A9 /* OnboardingPageView.swift in Sources */ = {isa = PBXBuildFile; fileRef = 5EC949E72CBA9339003736A9 /* OnboardingPageView.swift */; };
		5EC949EA2CBA954F003736A9 /* OnboardingView.swift in Sources */ = {isa = PBXBuildFile; fileRef = 5EC949E92CBA954F003736A9 /* OnboardingView.swift */; };
		5EC949EC2CBBE280003736A9 /* GoogleService-Info.plist in Resources */ = {isa = PBXBuildFile; fileRef = 5EC949EB2CBBE280003736A9 /* GoogleService-Info.plist */; };
		5EC949F52CBBF5F8003736A9 /* AppDelegate.swift in Sources */ = {isa = PBXBuildFile; fileRef = 5EC949F42CBBF5F7003736A9 /* AppDelegate.swift */; };
		5EC94A002CC291DB003736A9 /* ContentAccountView.swift in Sources */ = {isa = PBXBuildFile; fileRef = 5EC949FF2CC291DB003736A9 /* ContentAccountView.swift */; };
		5EC94A022CC2954C003736A9 /* GalleryView(test).swift in Sources */ = {isa = PBXBuildFile; fileRef = 5EC94A012CC2954C003736A9 /* GalleryView(test).swift */; };
		5EC94A042CC29607003736A9 /* HomeView.swift in Sources */ = {isa = PBXBuildFile; fileRef = 5EC94A032CC29607003736A9 /* HomeView.swift */; };
		5EC94A062CC29771003736A9 /* AuthenticationService.swift in Sources */ = {isa = PBXBuildFile; fileRef = 5EC94A052CC29770003736A9 /* AuthenticationService.swift */; };
		5EC94A092CC3C762003736A9 /* ValidationFB.swift in Sources */ = {isa = PBXBuildFile; fileRef = 5EC94A082CC3C762003736A9 /* ValidationFB.swift */; };
		5EC94A0D2CC3CA4E003736A9 /* CustomErrorsFB.swift in Sources */ = {isa = PBXBuildFile; fileRef = 5EC94A0C2CC3CA4E003736A9 /* CustomErrorsFB.swift */; };
		5EC94A102CC3CCA2003736A9 /* FirestoreCollectionObserverService.swift in Sources */ = {isa = PBXBuildFile; fileRef = 5EC94A0F2CC3CCA2003736A9 /* FirestoreCollectionObserverService.swift */; };
		5EC94A122CC59585003736A9 /* HomeContentViewModel.swift in Sources */ = {isa = PBXBuildFile; fileRef = 5EC94A112CC59585003736A9 /* HomeContentViewModel.swift */; };
/* End PBXBuildFile section */

/* Begin PBXFileReference section */
		5E8F9C662D537949004036F6 /* TabSwitcher.swift */ = {isa = PBXFileReference; lastKnownFileType = sourcecode.swift; path = TabSwitcher.swift; sourceTree = "<group>"; };
		5E8F9C682D5379AF004036F6 /* HomeCoordinator.swift */ = {isa = PBXFileReference; lastKnownFileType = sourcecode.swift; path = HomeCoordinator.swift; sourceTree = "<group>"; };
		5E8F9C6B2D537A03004036F6 /* ViewBuilderService.swift */ = {isa = PBXFileReference; lastKnownFileType = sourcecode.swift; path = ViewBuilderService.swift; sourceTree = "<group>"; };
		5E8F9C6D2D537A57004036F6 /* ViewBuilderModel.swift */ = {isa = PBXFileReference; lastKnownFileType = sourcecode.swift; path = ViewBuilderModel.swift; sourceTree = "<group>"; };
		5E8F9C702D537AA1004036F6 /* SomeView.swift */ = {isa = PBXFileReference; lastKnownFileType = sourcecode.swift; path = SomeView.swift; sourceTree = "<group>"; };
		5E8F9C732D537B0E004036F6 /* DataStore.swift */ = {isa = PBXFileReference; lastKnownFileType = sourcecode.swift; path = DataStore.swift; sourceTree = "<group>"; };
		5E8F9C752D537CC5004036F6 /* BookDetailsViewModel.swift */ = {isa = PBXFileReference; lastKnownFileType = sourcecode.swift; path = BookDetailsViewModel.swift; sourceTree = "<group>"; };
		5E8F9C892D5CC8D8004036F6 /* WebImageView.swift */ = {isa = PBXFileReference; lastKnownFileType = sourcecode.swift; path = WebImageView.swift; sourceTree = "<group>"; };
		5E8F9C8B2D6348BF004036F6 /* BooksListView.swift */ = {isa = PBXFileReference; lastKnownFileType = sourcecode.swift; path = BooksListView.swift; sourceTree = "<group>"; };
		5E8F9C8D2D6348D8004036F6 /* BookRowView.swift */ = {isa = PBXFileReference; lastKnownFileType = sourcecode.swift; path = BookRowView.swift; sourceTree = "<group>"; };
		5E8F9C8F2D634EA4004036F6 /* ContentErrorView.swift */ = {isa = PBXFileReference; lastKnownFileType = sourcecode.swift; path = ContentErrorView.swift; sourceTree = "<group>"; };
		5E8F9C952D65F4F2004036F6 /* en */ = {isa = PBXFileReference; lastKnownFileType = text.plist.strings; name = en; path = en.lproj/Localizable.strings; sourceTree = "<group>"; };
		5E8F9C972D65F510004036F6 /* ru */ = {isa = PBXFileReference; lastKnownFileType = text.plist.strings; name = ru; path = ru.lproj/Localizable.strings; sourceTree = "<group>"; };
		5E8F9C982D65F513004036F6 /* es */ = {isa = PBXFileReference; lastKnownFileType = text.plist.strings; name = es; path = es.lproj/Localizable.strings; sourceTree = "<group>"; };
		5E8F9C992D65F573004036F6 /* Localized.swift */ = {isa = PBXFileReference; lastKnownFileType = sourcecode.swift; path = Localized.swift; sourceTree = "<group>"; };
		5E8F9C9C2D6F53E3004036F6 /* LocalizationService.swift */ = {isa = PBXFileReference; lastKnownFileType = sourcecode.swift; path = LocalizationService.swift; sourceTree = "<group>"; };
		5E8F9CA02D7CDFB7004036F6 /* GalleryContentViewModel(test).swift */ = {isa = PBXFileReference; lastKnownFileType = sourcecode.swift; path = "GalleryContentViewModel(test).swift"; sourceTree = "<group>"; };
		5E8F9CA22D7CDFCF004036F6 /* GalleryModel.swift */ = {isa = PBXFileReference; lastKnownFileType = sourcecode.swift; path = GalleryModel.swift; sourceTree = "<group>"; };
		5E8F9CA42D7EC973004036F6 /* GalleryListView(test).swift */ = {isa = PBXFileReference; lastKnownFileType = sourcecode.swift; path = "GalleryListView(test).swift"; sourceTree = "<group>"; };
		5E8F9CA62D7EC9F6004036F6 /* GalleryRowView(test).swift */ = {isa = PBXFileReference; lastKnownFileType = sourcecode.swift; path = "GalleryRowView(test).swift"; sourceTree = "<group>"; };
		5E8F9CA82D7ED71D004036F6 /* GalleryCoordinator.swift */ = {isa = PBXFileReference; lastKnownFileType = sourcecode.swift; path = GalleryCoordinator.swift; sourceTree = "<group>"; };
		5E8F9CAA2D7ED7DE004036F6 /* GalleryContentView(test).swift */ = {isa = PBXFileReference; lastKnownFileType = sourcecode.swift; path = "GalleryContentView(test).swift"; sourceTree = "<group>"; };
		5E8F9CAC2D7ED912004036F6 /* GalleryViewModel(test).swift */ = {isa = PBXFileReference; lastKnownFileType = sourcecode.swift; path = "GalleryViewModel(test).swift"; sourceTree = "<group>"; };
		5E8F9CB02D819EB6004036F6 /* GalleryView.swift */ = {isa = PBXFileReference; lastKnownFileType = sourcecode.swift; path = GalleryView.swift; sourceTree = "<group>"; };
		5E8F9CB22D819F21004036F6 /* GalleryViewModel.swift */ = {isa = PBXFileReference; lastKnownFileType = sourcecode.swift; path = GalleryViewModel.swift; sourceTree = "<group>"; };
		5E8F9CB42D819F68004036F6 /* GalleryContentView.swift */ = {isa = PBXFileReference; lastKnownFileType = sourcecode.swift; path = GalleryContentView.swift; sourceTree = "<group>"; };
		5E8F9CB82D81A276004036F6 /* GalleryCompositView.swift */ = {isa = PBXFileReference; lastKnownFileType = sourcecode.swift; path = GalleryCompositView.swift; sourceTree = "<group>"; };
		5E8F9CBC2D81A401004036F6 /* MallsSectionView.swift */ = {isa = PBXFileReference; lastKnownFileType = sourcecode.swift; path = MallsSectionView.swift; sourceTree = "<group>"; };
		5E8F9CBE2D81A451004036F6 /* ShopsSectionView.swift */ = {isa = PBXFileReference; lastKnownFileType = sourcecode.swift; path = ShopsSectionView.swift; sourceTree = "<group>"; };
		5E8F9CC02D81A476004036F6 /* PopularProductsSectionView.swift */ = {isa = PBXFileReference; lastKnownFileType = sourcecode.swift; path = PopularProductsSectionView.swift; sourceTree = "<group>"; };
		5E8F9CC22D81A4A7004036F6 /* MallCell.swift */ = {isa = PBXFileReference; lastKnownFileType = sourcecode.swift; path = MallCell.swift; sourceTree = "<group>"; };
		5E8F9CC42D81A4CB004036F6 /* ShopCell.swift */ = {isa = PBXFileReference; lastKnownFileType = sourcecode.swift; path = ShopCell.swift; sourceTree = "<group>"; };
		5E8F9CC62D81A4EB004036F6 /* ProductCell.swift */ = {isa = PBXFileReference; lastKnownFileType = sourcecode.swift; path = ProductCell.swift; sourceTree = "<group>"; };
		5E8F9CC92D81AC47004036F6 /* FirestoreGetService.swift */ = {isa = PBXFileReference; lastKnownFileType = sourcecode.swift; path = FirestoreGetService.swift; sourceTree = "<group>"; };
		5E8F9CCB2D81AF68004036F6 /* GalleryContentViewModel.swift */ = {isa = PBXFileReference; lastKnownFileType = sourcecode.swift; path = GalleryContentViewModel.swift; sourceTree = "<group>"; };
		5E8F9CCE2D99777A004036F6 /* ImageCacheManager.swift */ = {isa = PBXFileReference; lastKnownFileType = sourcecode.swift; path = ImageCacheManager.swift; sourceTree = "<group>"; };
		5E8F9CD02D9BD358004036F6 /* UIFont+DynamicTypeMetrics.swift */ = {isa = PBXFileReference; lastKnownFileType = sourcecode.swift; path = "UIFont+DynamicTypeMetrics.swift"; sourceTree = "<group>"; };
		5EA2E5F22DDC8A5D00C53E52 /* ValidationString.swift */ = {isa = PBXFileReference; lastKnownFileType = sourcecode.swift; path = ValidationString.swift; sourceTree = "<group>"; };
		5EA2E5F42DDCB1CC00C53E52 /* HideKeyboard.swift */ = {isa = PBXFileReference; lastKnownFileType = sourcecode.swift; path = HideKeyboard.swift; sourceTree = "<group>"; };
		5EA2E5F72DDCB28D00C53E52 /* SignUpViewModel.swift */ = {isa = PBXFileReference; lastKnownFileType = sourcecode.swift; path = SignUpViewModel.swift; sourceTree = "<group>"; };
		5EA2E5FE2DDF35AD00C53E52 /* SignInView.swift */ = {isa = PBXFileReference; lastKnownFileType = sourcecode.swift; path = SignInView.swift; sourceTree = "<group>"; };
		5EA2E6002DDF360500C53E52 /* SignInViewModel.swift */ = {isa = PBXFileReference; lastKnownFileType = sourcecode.swift; path = SignInViewModel.swift; sourceTree = "<group>"; };
		5EA2E6042DE34EE000C53E52 /* OrientationInfo.swift */ = {isa = PBXFileReference; lastKnownFileType = sourcecode.swift; path = OrientationInfo.swift; sourceTree = "<group>"; };
		5EA2E6062DEF2E4B00C53E52 /* CommentOrientationInfo.swift */ = {isa = PBXFileReference; lastKnownFileType = sourcecode.swift; path = CommentOrientationInfo.swift; sourceTree = "<group>"; };
		5EA2E60A2DF2DF6600C53E52 /* Layout.swift */ = {isa = PBXFileReference; lastKnownFileType = sourcecode.swift; path = Layout.swift; sourceTree = "<group>"; };
		5EA2E60D2E0007CB00C53E52 /* AuthorizationManager.swift */ = {isa = PBXFileReference; lastKnownFileType = sourcecode.swift; path = AuthorizationManager.swift; sourceTree = "<group>"; };
		5EA2E60F2E00093F00C53E52 /* AuthorizationService.swift */ = {isa = PBXFileReference; lastKnownFileType = sourcecode.swift; path = AuthorizationService.swift; sourceTree = "<group>"; };
		5EA2E6112E03FFBF00C53E52 /* CombineSetting.swift */ = {isa = PBXFileReference; lastKnownFileType = sourcecode.swift; path = CombineSetting.swift; sourceTree = "<group>"; };
		5EA4FDB52CCBCABD001CA401 /* SharedErrorHandler.swift */ = {isa = PBXFileReference; lastKnownFileType = sourcecode.swift; path = SharedErrorHandler.swift; sourceTree = "<group>"; };
		5EA4FDBA2CD51037001CA401 /* AppColors.swift */ = {isa = PBXFileReference; lastKnownFileType = sourcecode.swift; path = AppColors.swift; sourceTree = "<group>"; };
		5EA4FDC42CD79747001CA401 /* Book.swift */ = {isa = PBXFileReference; lastKnownFileType = sourcecode.swift; path = Book.swift; sourceTree = "<group>"; };
		5EA4FDC62CD8E780001CA401 /* BookEditView.swift */ = {isa = PBXFileReference; lastKnownFileType = sourcecode.swift; path = BookEditView.swift; sourceTree = "<group>"; };
		5EA4FDC82CD8E91A001CA401 /* BookViewModel.swift */ = {isa = PBXFileReference; lastKnownFileType = sourcecode.swift; path = BookViewModel.swift; sourceTree = "<group>"; };
		5EA4FE232CE61ED8001CA401 /* DatabaseCRUDService.swift */ = {isa = PBXFileReference; lastKnownFileType = sourcecode.swift; path = DatabaseCRUDService.swift; sourceTree = "<group>"; };
		5EA4FE252CE756EE001CA401 /* AuthService.swift */ = {isa = PBXFileReference; lastKnownFileType = sourcecode.swift; path = AuthService.swift; sourceTree = "<group>"; };
		5EA4FE282CF5B557001CA401 /* BookDetailsView.swift */ = {isa = PBXFileReference; lastKnownFileType = sourcecode.swift; path = BookDetailsView.swift; sourceTree = "<group>"; };
		5EA4FE2B2CFDAECE001CA401 /* AlertManager.swift */ = {isa = PBXFileReference; lastKnownFileType = sourcecode.swift; path = AlertManager.swift; sourceTree = "<group>"; };
		5EA4FE2E2D05B89B001CA401 /* SheetManager.swift */ = {isa = PBXFileReference; lastKnownFileType = sourcecode.swift; path = SheetManager.swift; sourceTree = "<group>"; };
		5EA4FE312D09CF87001CA401 /* CRUDSManager.swift */ = {isa = PBXFileReference; lastKnownFileType = sourcecode.swift; path = CRUDSManager.swift; sourceTree = "<group>"; };
		5EA4FE352D21C8D7001CA401 /* HomeContentView.swift */ = {isa = PBXFileReference; lastKnownFileType = sourcecode.swift; path = HomeContentView.swift; sourceTree = "<group>"; };
		5EAF5B022D2D552900D96FD6 /* HomeViewModel.swift */ = {isa = PBXFileReference; lastKnownFileType = sourcecode.swift; path = HomeViewModel.swift; sourceTree = "<group>"; };
		5EAF5B072D2D563D00D96FD6 /* AlertViewGlobal.swift */ = {isa = PBXFileReference; lastKnownFileType = sourcecode.swift; path = AlertViewGlobal.swift; sourceTree = "<group>"; };
		5EAF5B0B2D2D56D400D96FD6 /* AlertViewModel.swift */ = {isa = PBXFileReference; lastKnownFileType = sourcecode.swift; path = AlertViewModel.swift; sourceTree = "<group>"; };
		5EAF5B0D2D2FF96000D96FD6 /* FirstAppear.swift */ = {isa = PBXFileReference; lastKnownFileType = sourcecode.swift; path = FirstAppear.swift; sourceTree = "<group>"; };
		5EAF5B122D367E7E00D96FD6 /* ContentViewModel.swift */ = {isa = PBXFileReference; lastKnownFileType = sourcecode.swift; path = ContentViewModel.swift; sourceTree = "<group>"; };
		5EAF5B1A2D4B863B00D96FD6 /* MainCoordinator.swift */ = {isa = PBXFileReference; lastKnownFileType = sourcecode.swift; path = MainCoordinator.swift; sourceTree = "<group>"; };
		5EBFD5C12E055CBC00A3C74C /* SignUpViewInjected.swift */ = {isa = PBXFileReference; lastKnownFileType = sourcecode.swift; path = SignUpViewInjected.swift; sourceTree = "<group>"; };
		5EBFD5C32E1008C000A3C74C /* LifeCycleView.swift */ = {isa = PBXFileReference; lastKnownFileType = sourcecode.swift; path = LifeCycleView.swift; sourceTree = "<group>"; };
		5EBFD5C52E1A868E00A3C74C /* RunLoopSetting.swift */ = {isa = PBXFileReference; lastKnownFileType = sourcecode.swift; path = RunLoopSetting.swift; sourceTree = "<group>"; };
		5EBFD5C72E1AA15400A3C74C /* SignInViewInjected.swift */ = {isa = PBXFileReference; lastKnownFileType = sourcecode.swift; path = SignInViewInjected.swift; sourceTree = "<group>"; };
		5EBFD5C92E1CFF4A00A3C74C /* ContentAccountViewInjected.swift */ = {isa = PBXFileReference; lastKnownFileType = sourcecode.swift; path = ContentAccountViewInjected.swift; sourceTree = "<group>"; };
		5EBFD5CB2E1D004E00A3C74C /* ContentAccountViewModel.swift */ = {isa = PBXFileReference; lastKnownFileType = sourcecode.swift; path = ContentAccountViewModel.swift; sourceTree = "<group>"; };
		5EBFD5CD2E1D015000A3C74C /* DeleteAccountCellView.swift */ = {isa = PBXFileReference; lastKnownFileType = sourcecode.swift; path = DeleteAccountCellView.swift; sourceTree = "<group>"; };
		5EC88ED32DA93AAE00A95224 /* SDWebImageErrorHandler.swift */ = {isa = PBXFileReference; lastKnownFileType = sourcecode.swift; path = SDWebImageErrorHandler.swift; sourceTree = "<group>"; };
		5EC88ED52DAA8A8500A95224 /* CrashlyticsLoggingService.swift */ = {isa = PBXFileReference; lastKnownFileType = sourcecode.swift; path = CrashlyticsLoggingService.swift; sourceTree = "<group>"; };
		5EC88ED72DAE8E8D00A95224 /* EmptyStateView.swift */ = {isa = PBXFileReference; lastKnownFileType = sourcecode.swift; path = EmptyStateView.swift; sourceTree = "<group>"; };
		5EC88ED92DB128F100A95224 /* AccountCoordinator.swift */ = {isa = PBXFileReference; lastKnownFileType = sourcecode.swift; path = AccountCoordinator.swift; sourceTree = "<group>"; };
		5EC88EDB2DB136F500A95224 /* AccountView.swift */ = {isa = PBXFileReference; lastKnownFileType = sourcecode.swift; path = AccountView.swift; sourceTree = "<group>"; };
		5EC88EDE2DB1377B00A95224 /* AccountViewModel.swift */ = {isa = PBXFileReference; lastKnownFileType = sourcecode.swift; path = AccountViewModel.swift; sourceTree = "<group>"; };
		5EC88EE02DB2342700A95224 /* UserInfoCellView.swift */ = {isa = PBXFileReference; lastKnownFileType = sourcecode.swift; path = UserInfoCellView.swift; sourceTree = "<group>"; };
		5EC88EE22DB2347800A95224 /* NavigationCellView.swift */ = {isa = PBXFileReference; lastKnownFileType = sourcecode.swift; path = NavigationCellView.swift; sourceTree = "<group>"; };
		5EC88EE42DB234CF00A95224 /* ToggleCellView.swift */ = {isa = PBXFileReference; lastKnownFileType = sourcecode.swift; path = ToggleCellView.swift; sourceTree = "<group>"; };
		5EC88EE72DBD815900A95224 /* GlobalRetryHandler.swift */ = {isa = PBXFileReference; lastKnownFileType = sourcecode.swift; path = GlobalRetryHandler.swift; sourceTree = "<group>"; };
		5EC88EEA2DBF8CEE00A95224 /* NetworkMonitor.swift */ = {isa = PBXFileReference; lastKnownFileType = sourcecode.swift; path = NetworkMonitor.swift; sourceTree = "<group>"; };
		5EC88EED2DBF92A600A95224 /* NetworkStatusBanner.swift */ = {isa = PBXFileReference; lastKnownFileType = sourcecode.swift; path = NetworkStatusBanner.swift; sourceTree = "<group>"; };
		5EC88EF02DCE234D00A95224 /* HapticFeedbackModifier.swift */ = {isa = PBXFileReference; lastKnownFileType = sourcecode.swift; path = HapticFeedbackModifier.swift; sourceTree = "<group>"; };
		5EC88EF52DD0BC6700A95224 /* Launch Screen.storyboard */ = {isa = PBXFileReference; lastKnownFileType = file.storyboard; path = "Launch Screen.storyboard"; sourceTree = "<group>"; };
		5EC88EF72DD1D37800A95224 /* SettingLaunchScreen.swift */ = {isa = PBXFileReference; lastKnownFileType = sourcecode.swift; path = SettingLaunchScreen.swift; sourceTree = "<group>"; };
		5EC88EFC2DD4A58D00A95224 /* SignUpView.swift */ = {isa = PBXFileReference; lastKnownFileType = sourcecode.swift; path = SignUpView.swift; sourceTree = "<group>"; };
		5EC949CC2CB526E5003736A9 /* TemplateSwiftUIProject.app */ = {isa = PBXFileReference; explicitFileType = wrapper.application; includeInIndex = 0; path = TemplateSwiftUIProject.app; sourceTree = BUILT_PRODUCTS_DIR; };
		5EC949CF2CB526E5003736A9 /* TemplateSwiftUIProjectApp.swift */ = {isa = PBXFileReference; lastKnownFileType = sourcecode.swift; path = TemplateSwiftUIProjectApp.swift; sourceTree = "<group>"; };
		5EC949D12CB526E5003736A9 /* ContentView.swift */ = {isa = PBXFileReference; lastKnownFileType = sourcecode.swift; path = ContentView.swift; sourceTree = "<group>"; };
		5EC949D32CB526E9003736A9 /* Assets.xcassets */ = {isa = PBXFileReference; lastKnownFileType = folder.assetcatalog; path = Assets.xcassets; sourceTree = "<group>"; };
		5EC949D62CB526E9003736A9 /* Preview Assets.xcassets */ = {isa = PBXFileReference; lastKnownFileType = folder.assetcatalog; path = "Preview Assets.xcassets"; sourceTree = "<group>"; };
		5EC949DF2CBA88F2003736A9 /* OnboardingPage.swift */ = {isa = PBXFileReference; lastKnownFileType = sourcecode.swift; path = OnboardingPage.swift; sourceTree = "<group>"; };
		5EC949E22CBA89FC003736A9 /* OnboardingService .swift */ = {isa = PBXFileReference; lastKnownFileType = sourcecode.swift; path = "OnboardingService .swift"; sourceTree = "<group>"; };
		5EC949E42CBA8FC5003736A9 /* OnboardingViewModel.swift */ = {isa = PBXFileReference; lastKnownFileType = sourcecode.swift; path = OnboardingViewModel.swift; sourceTree = "<group>"; };
		5EC949E72CBA9339003736A9 /* OnboardingPageView.swift */ = {isa = PBXFileReference; lastKnownFileType = sourcecode.swift; path = OnboardingPageView.swift; sourceTree = "<group>"; };
		5EC949E92CBA954F003736A9 /* OnboardingView.swift */ = {isa = PBXFileReference; lastKnownFileType = sourcecode.swift; path = OnboardingView.swift; sourceTree = "<group>"; };
		5EC949EB2CBBE280003736A9 /* GoogleService-Info.plist */ = {isa = PBXFileReference; fileEncoding = 4; lastKnownFileType = text.plist.xml; path = "GoogleService-Info.plist"; sourceTree = "<group>"; };
		5EC949F42CBBF5F7003736A9 /* AppDelegate.swift */ = {isa = PBXFileReference; lastKnownFileType = sourcecode.swift; path = AppDelegate.swift; sourceTree = "<group>"; };
		5EC949FF2CC291DB003736A9 /* ContentAccountView.swift */ = {isa = PBXFileReference; lastKnownFileType = sourcecode.swift; path = ContentAccountView.swift; sourceTree = "<group>"; };
		5EC94A012CC2954C003736A9 /* GalleryView(test).swift */ = {isa = PBXFileReference; lastKnownFileType = sourcecode.swift; path = "GalleryView(test).swift"; sourceTree = "<group>"; };
		5EC94A032CC29607003736A9 /* HomeView.swift */ = {isa = PBXFileReference; lastKnownFileType = sourcecode.swift; path = HomeView.swift; sourceTree = "<group>"; };
		5EC94A052CC29770003736A9 /* AuthenticationService.swift */ = {isa = PBXFileReference; lastKnownFileType = sourcecode.swift; path = AuthenticationService.swift; sourceTree = "<group>"; };
		5EC94A082CC3C762003736A9 /* ValidationFB.swift */ = {isa = PBXFileReference; lastKnownFileType = sourcecode.swift; path = ValidationFB.swift; sourceTree = "<group>"; };
		5EC94A0C2CC3CA4E003736A9 /* CustomErrorsFB.swift */ = {isa = PBXFileReference; lastKnownFileType = sourcecode.swift; path = CustomErrorsFB.swift; sourceTree = "<group>"; };
		5EC94A0F2CC3CCA2003736A9 /* FirestoreCollectionObserverService.swift */ = {isa = PBXFileReference; lastKnownFileType = sourcecode.swift; path = FirestoreCollectionObserverService.swift; sourceTree = "<group>"; };
		5EC94A112CC59585003736A9 /* HomeContentViewModel.swift */ = {isa = PBXFileReference; lastKnownFileType = sourcecode.swift; path = HomeContentViewModel.swift; sourceTree = "<group>"; };
/* End PBXFileReference section */

/* Begin PBXFrameworksBuildPhase section */
		5EC949C92CB526E5003736A9 /* Frameworks */ = {
			isa = PBXFrameworksBuildPhase;
			buildActionMask = 2147483647;
			files = (
				5EA4FE082CDCE960001CA401 /* FirebaseDatabase in Frameworks */,
				5EA4FE102CDCE960001CA401 /* FirebaseStorageCombine-Community in Frameworks */,
				5EA4FE0A2CDCE960001CA401 /* FirebaseFirestore in Frameworks */,
				5EA4FE062CDCE960001CA401 /* FirebaseCore in Frameworks */,
				5E8F9C792D54EC92004036F6 /* SDWebImageSwiftUI in Frameworks */,
				5EA4FE0C2CDCE960001CA401 /* FirebaseFirestoreCombine-Community in Frameworks */,
				5EA4FE042CDCE960001CA401 /* FirebaseAuth in Frameworks */,
				5EA4FE0E2CDCE960001CA401 /* FirebaseStorage in Frameworks */,
			);
			runOnlyForDeploymentPostprocessing = 0;
		};
/* End PBXFrameworksBuildPhase section */

/* Begin PBXGroup section */
		5E8F9C6A2D5379E6004036F6 /* ViewBuilder */ = {
			isa = PBXGroup;
			children = (
				5E8F9C6B2D537A03004036F6 /* ViewBuilderService.swift */,
				5E8F9C6D2D537A57004036F6 /* ViewBuilderModel.swift */,
			);
			path = ViewBuilder;
			sourceTree = "<group>";
		};
		5E8F9C6F2D537A8B004036F6 /* SomeView */ = {
			isa = PBXGroup;
			children = (
				5E8F9C702D537AA1004036F6 /* SomeView.swift */,
			);
			path = SomeView;
			sourceTree = "<group>";
		};
		5E8F9C722D537AF6004036F6 /* DataStore */ = {
			isa = PBXGroup;
			children = (
				5E8F9C732D537B0E004036F6 /* DataStore.swift */,
			);
			path = DataStore;
			sourceTree = "<group>";
		};
		5E8F9C9B2D6F53D2004036F6 /* LocalizationService */ = {
			isa = PBXGroup;
			children = (
				5E8F9C9C2D6F53E3004036F6 /* LocalizationService.swift */,
			);
			path = LocalizationService;
			sourceTree = "<group>";
		};
		5E8F9C9E2D7CDF7D004036F6 /* ViewModel */ = {
			isa = PBXGroup;
			children = (
				5E8F9CAE2D818EF7004036F6 /* TestViewModel */,
				5E8F9CB22D819F21004036F6 /* GalleryViewModel.swift */,
				5E8F9CCB2D81AF68004036F6 /* GalleryContentViewModel.swift */,
			);
			path = ViewModel;
			sourceTree = "<group>";
		};
		5E8F9C9F2D7CDF91004036F6 /* Model */ = {
			isa = PBXGroup;
			children = (
				5E8F9CA22D7CDFCF004036F6 /* GalleryModel.swift */,
			);
			path = Model;
			sourceTree = "<group>";
		};
		5E8F9CAE2D818EF7004036F6 /* TestViewModel */ = {
			isa = PBXGroup;
			children = (
				5E8F9CAC2D7ED912004036F6 /* GalleryViewModel(test).swift */,
				5E8F9CA02D7CDFB7004036F6 /* GalleryContentViewModel(test).swift */,
			);
			path = TestViewModel;
			sourceTree = "<group>";
		};
		5E8F9CAF2D818F35004036F6 /* TestView */ = {
			isa = PBXGroup;
			children = (
				5E8F9CAA2D7ED7DE004036F6 /* GalleryContentView(test).swift */,
				5E8F9CA62D7EC9F6004036F6 /* GalleryRowView(test).swift */,
				5E8F9CA42D7EC973004036F6 /* GalleryListView(test).swift */,
				5EC94A012CC2954C003736A9 /* GalleryView(test).swift */,
			);
			path = TestView;
			sourceTree = "<group>";
		};
		5E8F9CBA2D81A3AF004036F6 /* SectionView */ = {
			isa = PBXGroup;
			children = (
				5E8F9CBC2D81A401004036F6 /* MallsSectionView.swift */,
				5E8F9CBE2D81A451004036F6 /* ShopsSectionView.swift */,
				5E8F9CC02D81A476004036F6 /* PopularProductsSectionView.swift */,
			);
			path = SectionView;
			sourceTree = "<group>";
		};
		5E8F9CBB2D81A3D3004036F6 /* CellSectionView */ = {
			isa = PBXGroup;
			children = (
				5E8F9CC22D81A4A7004036F6 /* MallCell.swift */,
				5E8F9CC42D81A4CB004036F6 /* ShopCell.swift */,
				5E8F9CC62D81A4EB004036F6 /* ProductCell.swift */,
			);
			path = CellSectionView;
			sourceTree = "<group>";
		};
		5E8F9CC82D81A97E004036F6 /* Service */ = {
			isa = PBXGroup;
			children = (
				5E8F9CC92D81AC47004036F6 /* FirestoreGetService.swift */,
			);
			path = Service;
			sourceTree = "<group>";
		};
		5E8F9CCD2D99776A004036F6 /* ImageCacheManager */ = {
			isa = PBXGroup;
			children = (
				5E8F9CCE2D99777A004036F6 /* ImageCacheManager.swift */,
			);
			path = ImageCacheManager;
			sourceTree = "<group>";
		};
		5EA2E5F62DDCB26000C53E52 /* ViewModel */ = {
			isa = PBXGroup;
			children = (
				5EA2E5F72DDCB28D00C53E52 /* SignUpViewModel.swift */,
			);
			path = ViewModel;
			sourceTree = "<group>";
		};
		5EA2E5F92DDF355700C53E52 /* SignIn */ = {
			isa = PBXGroup;
			children = (
				5EA2E5FB2DDF356800C53E52 /* ViewModel */,
				5EA2E5FA2DDF356100C53E52 /* View */,
			);
			path = SignIn;
			sourceTree = "<group>";
		};
		5EA2E5FA2DDF356100C53E52 /* View */ = {
			isa = PBXGroup;
			children = (
				5EA2E5FE2DDF35AD00C53E52 /* SignInView.swift */,
				5EBFD5C72E1AA15400A3C74C /* SignInViewInjected.swift */,
			);
			path = View;
			sourceTree = "<group>";
		};
		5EA2E5FB2DDF356800C53E52 /* ViewModel */ = {
			isa = PBXGroup;
			children = (
				5EA2E6002DDF360500C53E52 /* SignInViewModel.swift */,
			);
			path = ViewModel;
			sourceTree = "<group>";
		};
		5EA2E6022DE34EA600C53E52 /* OrientationService */ = {
			isa = PBXGroup;
			children = (
				5EA2E6042DE34EE000C53E52 /* OrientationInfo.swift */,
				5EA2E6062DEF2E4B00C53E52 /* CommentOrientationInfo.swift */,
			);
			path = OrientationService;
			sourceTree = "<group>";
		};
		5EA2E6082DF2DF2100C53E52 /* UseCaseInfo */ = {
			isa = PBXGroup;
			children = (
				5EA2E6092DF2DF4900C53E52 /* Layout */,
			);
			path = UseCaseInfo;
			sourceTree = "<group>";
		};
		5EA2E6092DF2DF4900C53E52 /* Layout */ = {
			isa = PBXGroup;
			children = (
				5EA2E60A2DF2DF6600C53E52 /* Layout.swift */,
			);
			path = Layout;
			sourceTree = "<group>";
		};
		5EA2E60C2DFFF7A300C53E52 /* Service */ = {
			isa = PBXGroup;
			children = (
				5EA2E60D2E0007CB00C53E52 /* AuthorizationManager.swift */,
				5EA2E60F2E00093F00C53E52 /* AuthorizationService.swift */,
				5EA2E6112E03FFBF00C53E52 /* CombineSetting.swift */,
				5EBFD5C52E1A868E00A3C74C /* RunLoopSetting.swift */,
			);
			path = Service;
			sourceTree = "<group>";
		};
		5EA4FDB92CD51013001CA401 /* Resources */ = {
			isa = PBXGroup;
			children = (
				5EA4FDBA2CD51037001CA401 /* AppColors.swift */,
			);
			path = Resources;
			sourceTree = "<group>";
		};
		5EA4FDBC2CD64971001CA401 /* BookEditView */ = {
			isa = PBXGroup;
			children = (
				5EA4FE222CE61E5C001CA401 /* Service */,
				5EA4FDBF2CD649B5001CA401 /* Model */,
				5EA4FDBE2CD649AC001CA401 /* ViewModel */,
				5EA4FDBD2CD649A6001CA401 /* View */,
			);
			path = BookEditView;
			sourceTree = "<group>";
		};
		5EA4FDBD2CD649A6001CA401 /* View */ = {
			isa = PBXGroup;
			children = (
				5EA4FDC62CD8E780001CA401 /* BookEditView.swift */,
			);
			path = View;
			sourceTree = "<group>";
		};
		5EA4FDBE2CD649AC001CA401 /* ViewModel */ = {
			isa = PBXGroup;
			children = (
				5EA4FDC82CD8E91A001CA401 /* BookViewModel.swift */,
			);
			path = ViewModel;
			sourceTree = "<group>";
		};
		5EA4FDBF2CD649B5001CA401 /* Model */ = {
			isa = PBXGroup;
			children = (
			);
			path = Model;
			sourceTree = "<group>";
		};
		5EA4FE222CE61E5C001CA401 /* Service */ = {
			isa = PBXGroup;
			children = (
				5EA4FE232CE61ED8001CA401 /* DatabaseCRUDService.swift */,
				5EA4FE252CE756EE001CA401 /* AuthService.swift */,
			);
			path = Service;
			sourceTree = "<group>";
		};
		5EA4FE272CF5B535001CA401 /* BookDetailsView */ = {
			isa = PBXGroup;
			children = (
				5EAF5B152D3BCDF400D96FD6 /* ViewModel */,
				5EAF5B142D3BCDED00D96FD6 /* View */,
			);
			path = BookDetailsView;
			sourceTree = "<group>";
		};
		5EA4FE2A2CFDAEB3001CA401 /* AlertManager */ = {
			isa = PBXGroup;
			children = (
				5EA4FE2B2CFDAECE001CA401 /* AlertManager.swift */,
			);
			path = AlertManager;
			sourceTree = "<group>";
		};
		5EA4FE2D2D05B87F001CA401 /* SheetManager */ = {
			isa = PBXGroup;
			children = (
				5EA4FE2E2D05B89B001CA401 /* SheetManager.swift */,
			);
			path = SheetManager;
			sourceTree = "<group>";
		};
		5EA4FE302D09CF3E001CA401 /* CRUDSManager */ = {
			isa = PBXGroup;
			children = (
				5EA4FE312D09CF87001CA401 /* CRUDSManager.swift */,
			);
			path = CRUDSManager;
			sourceTree = "<group>";
		};
		5EAF5B042D2D55AA00D96FD6 /* Alert */ = {
			isa = PBXGroup;
			children = (
				5EAF5B062D2D55DD00D96FD6 /* ViewModel */,
				5EAF5B052D2D55B800D96FD6 /* View */,
			);
			path = Alert;
			sourceTree = "<group>";
		};
		5EAF5B052D2D55B800D96FD6 /* View */ = {
			isa = PBXGroup;
			children = (
				5EAF5B072D2D563D00D96FD6 /* AlertViewGlobal.swift */,
			);
			path = View;
			sourceTree = "<group>";
		};
		5EAF5B062D2D55DD00D96FD6 /* ViewModel */ = {
			isa = PBXGroup;
			children = (
				5EAF5B0B2D2D56D400D96FD6 /* AlertViewModel.swift */,
			);
			path = ViewModel;
			sourceTree = "<group>";
		};
		5EAF5B0F2D367DD500D96FD6 /* ContentView */ = {
			isa = PBXGroup;
			children = (
				5EAF5B112D367E5E00D96FD6 /* ViewModel */,
				5EAF5B102D367E5200D96FD6 /* View */,
			);
			path = ContentView;
			sourceTree = "<group>";
		};
		5EAF5B102D367E5200D96FD6 /* View */ = {
			isa = PBXGroup;
			children = (
				5EC949D12CB526E5003736A9 /* ContentView.swift */,
			);
			path = View;
			sourceTree = "<group>";
		};
		5EAF5B112D367E5E00D96FD6 /* ViewModel */ = {
			isa = PBXGroup;
			children = (
				5EAF5B122D367E7E00D96FD6 /* ContentViewModel.swift */,
			);
			path = ViewModel;
			sourceTree = "<group>";
		};
		5EAF5B142D3BCDED00D96FD6 /* View */ = {
			isa = PBXGroup;
			children = (
				5EA4FE282CF5B557001CA401 /* BookDetailsView.swift */,
			);
			path = View;
			sourceTree = "<group>";
		};
		5EAF5B152D3BCDF400D96FD6 /* ViewModel */ = {
			isa = PBXGroup;
			children = (
				5E8F9C752D537CC5004036F6 /* BookDetailsViewModel.swift */,
			);
			path = ViewModel;
			sourceTree = "<group>";
		};
		5EAF5B162D4B85CF00D96FD6 /* Coordinator */ = {
			isa = PBXGroup;
			children = (
				5EAF5B1A2D4B863B00D96FD6 /* MainCoordinator.swift */,
				5E8F9C662D537949004036F6 /* TabSwitcher.swift */,
				5E8F9C682D5379AF004036F6 /* HomeCoordinator.swift */,
				5E8F9CA82D7ED71D004036F6 /* GalleryCoordinator.swift */,
				5EC88ED92DB128F100A95224 /* AccountCoordinator.swift */,
			);
			path = Coordinator;
			sourceTree = "<group>";
		};
		5EC88EDD2DB1375A00A95224 /* ViewModel */ = {
			isa = PBXGroup;
			children = (
				5EC88EDE2DB1377B00A95224 /* AccountViewModel.swift */,
				5EBFD5CB2E1D004E00A3C74C /* ContentAccountViewModel.swift */,
			);
			path = ViewModel;
			sourceTree = "<group>";
		};
		5EC88EE62DBD811500A95224 /* GlobalRetryHandler */ = {
			isa = PBXGroup;
			children = (
				5EC88EE72DBD815900A95224 /* GlobalRetryHandler.swift */,
			);
			path = GlobalRetryHandler;
			sourceTree = "<group>";
		};
		5EC88EE92DBF8CE000A95224 /* NetworkMonitor */ = {
			isa = PBXGroup;
			children = (
				5EC88EEA2DBF8CEE00A95224 /* NetworkMonitor.swift */,
			);
			path = NetworkMonitor;
			sourceTree = "<group>";
		};
		5EC88EEC2DBF929A00A95224 /* NetworkStatusBanner */ = {
			isa = PBXGroup;
			children = (
				5EC88EED2DBF92A600A95224 /* NetworkStatusBanner.swift */,
			);
			path = NetworkStatusBanner;
			sourceTree = "<group>";
		};
		5EC88EEF2DCE231F00A95224 /* CustomViewModifier */ = {
			isa = PBXGroup;
			children = (
				5EC88EF02DCE234D00A95224 /* HapticFeedbackModifier.swift */,
			);
			path = CustomViewModifier;
			sourceTree = "<group>";
		};
		5EC88EF22DD0B6D800A95224 /* LaunchScreen */ = {
			isa = PBXGroup;
			children = (
				5EC88EF52DD0BC6700A95224 /* Launch Screen.storyboard */,
				5EC88EF72DD1D37800A95224 /* SettingLaunchScreen.swift */,
			);
			path = LaunchScreen;
			sourceTree = "<group>";
		};
		5EC88EF92DD4A51A00A95224 /* Authorization */ = {
			isa = PBXGroup;
			children = (
				5EA2E60C2DFFF7A300C53E52 /* Service */,
				5EA2E5F92DDF355700C53E52 /* SignIn */,
				5EC88EFA2DD4A53100A95224 /* SignUP */,
			);
			path = Authorization;
			sourceTree = "<group>";
		};
		5EC88EFA2DD4A53100A95224 /* SignUP */ = {
			isa = PBXGroup;
			children = (
				5EA2E5F62DDCB26000C53E52 /* ViewModel */,
				5EC88EFB2DD4A54300A95224 /* View */,
			);
			path = SignUP;
			sourceTree = "<group>";
		};
		5EC88EFB2DD4A54300A95224 /* View */ = {
			isa = PBXGroup;
			children = (
				5EC88EFC2DD4A58D00A95224 /* SignUpView.swift */,
				5EBFD5C12E055CBC00A3C74C /* SignUpViewInjected.swift */,
				5EBFD5C32E1008C000A3C74C /* LifeCycleView.swift */,
			);
			path = View;
			sourceTree = "<group>";
		};
		5EC949C32CB526E5003736A9 = {
			isa = PBXGroup;
			children = (
				5EC949CE2CB526E5003736A9 /* TemplateSwiftUIProject */,
				5EC949CD2CB526E5003736A9 /* Products */,
			);
			sourceTree = "<group>";
		};
		5EC949CD2CB526E5003736A9 /* Products */ = {
			isa = PBXGroup;
			children = (
				5EC949CC2CB526E5003736A9 /* TemplateSwiftUIProject.app */,
			);
			name = Products;
			sourceTree = "<group>";
		};
		5EC949CE2CB526E5003736A9 /* TemplateSwiftUIProject */ = {
			isa = PBXGroup;
			children = (
				5EC88EF92DD4A51A00A95224 /* Authorization */,
				5EC88EF22DD0B6D800A95224 /* LaunchScreen */,
				5EC88EEC2DBF929A00A95224 /* NetworkStatusBanner */,
				5E8F9C6F2D537A8B004036F6 /* SomeView */,
				5EAF5B0F2D367DD500D96FD6 /* ContentView */,
				5EAF5B042D2D55AA00D96FD6 /* Alert */,
				5EA4FE272CF5B535001CA401 /* BookDetailsView */,
				5EA4FDBC2CD64971001CA401 /* BookEditView */,
				5EA4FDB92CD51013001CA401 /* Resources */,
				5EC94A0A2CC3C9BF003736A9 /* Utilities */,
				5EC949F82CC29137003736A9 /* Profile */,
				5EC949F72CC2912C003736A9 /* Gallery */,
				5EC949F62CC29109003736A9 /* Home */,
				5EC949DD2CB5271A003736A9 /* Onboarding */,
				5EC949CF2CB526E5003736A9 /* TemplateSwiftUIProjectApp.swift */,
				5EC949EB2CBBE280003736A9 /* GoogleService-Info.plist */,
				5EC949D32CB526E9003736A9 /* Assets.xcassets */,
				5EC949D52CB526E9003736A9 /* Preview Content */,
				5EC949F42CBBF5F7003736A9 /* AppDelegate.swift */,
				5E8F9C942D65F4F2004036F6 /* Localizable.strings */,
				5E8F9C992D65F573004036F6 /* Localized.swift */,
			);
			path = TemplateSwiftUIProject;
			sourceTree = "<group>";
		};
		5EC949D52CB526E9003736A9 /* Preview Content */ = {
			isa = PBXGroup;
			children = (
				5EC949D62CB526E9003736A9 /* Preview Assets.xcassets */,
			);
			path = "Preview Content";
			sourceTree = "<group>";
		};
		5EC949DD2CB5271A003736A9 /* Onboarding */ = {
			isa = PBXGroup;
			children = (
				5EC949E62CBA92EA003736A9 /* View */,
				5EC949E12CBA89B0003736A9 /* ViewModel */,
				5EC949DE2CBA88D2003736A9 /* Model */,
			);
			path = Onboarding;
			sourceTree = "<group>";
		};
		5EC949DE2CBA88D2003736A9 /* Model */ = {
			isa = PBXGroup;
			children = (
				5EC949DF2CBA88F2003736A9 /* OnboardingPage.swift */,
			);
			path = Model;
			sourceTree = "<group>";
		};
		5EC949E12CBA89B0003736A9 /* ViewModel */ = {
			isa = PBXGroup;
			children = (
				5EC949E22CBA89FC003736A9 /* OnboardingService .swift */,
				5EC949E42CBA8FC5003736A9 /* OnboardingViewModel.swift */,
			);
			path = ViewModel;
			sourceTree = "<group>";
		};
		5EC949E62CBA92EA003736A9 /* View */ = {
			isa = PBXGroup;
			children = (
				5EC949E72CBA9339003736A9 /* OnboardingPageView.swift */,
				5EC949E92CBA954F003736A9 /* OnboardingView.swift */,
			);
			path = View;
			sourceTree = "<group>";
		};
		5EC949F62CC29109003736A9 /* Home */ = {
			isa = PBXGroup;
			children = (
				5EC949FE2CC291BD003736A9 /* ViewModel */,
				5EC949FD2CC291B6003736A9 /* Model */,
				5EC949FC2CC291A6003736A9 /* Service */,
				5EC949FB2CC2919F003736A9 /* View */,
			);
			path = Home;
			sourceTree = "<group>";
		};
		5EC949F72CC2912C003736A9 /* Gallery */ = {
			isa = PBXGroup;
			children = (
				5E8F9CC82D81A97E004036F6 /* Service */,
				5E8F9C9F2D7CDF91004036F6 /* Model */,
				5E8F9C9E2D7CDF7D004036F6 /* ViewModel */,
				5EC949FA2CC29197003736A9 /* View */,
			);
			path = Gallery;
			sourceTree = "<group>";
		};
		5EC949F82CC29137003736A9 /* Profile */ = {
			isa = PBXGroup;
			children = (
				5EC88EDD2DB1375A00A95224 /* ViewModel */,
				5EC949F92CC2918F003736A9 /* View */,
			);
			path = Profile;
			sourceTree = "<group>";
		};
		5EC949F92CC2918F003736A9 /* View */ = {
			isa = PBXGroup;
			children = (
				5EC949FF2CC291DB003736A9 /* ContentAccountView.swift */,
				5EC88EDB2DB136F500A95224 /* AccountView.swift */,
				5EC88EE02DB2342700A95224 /* UserInfoCellView.swift */,
				5EC88EE22DB2347800A95224 /* NavigationCellView.swift */,
				5EC88EE42DB234CF00A95224 /* ToggleCellView.swift */,
				5EBFD5C92E1CFF4A00A3C74C /* ContentAccountViewInjected.swift */,
				5EBFD5CD2E1D015000A3C74C /* DeleteAccountCellView.swift */,
			);
			path = View;
			sourceTree = "<group>";
		};
		5EC949FA2CC29197003736A9 /* View */ = {
			isa = PBXGroup;
			children = (
				5E8F9CBB2D81A3D3004036F6 /* CellSectionView */,
				5E8F9CBA2D81A3AF004036F6 /* SectionView */,
				5E8F9CAF2D818F35004036F6 /* TestView */,
				5E8F9CB02D819EB6004036F6 /* GalleryView.swift */,
				5E8F9CB42D819F68004036F6 /* GalleryContentView.swift */,
				5E8F9CB82D81A276004036F6 /* GalleryCompositView.swift */,
			);
			path = View;
			sourceTree = "<group>";
		};
		5EC949FB2CC2919F003736A9 /* View */ = {
			isa = PBXGroup;
			children = (
				5EC94A032CC29607003736A9 /* HomeView.swift */,
				5EA4FE352D21C8D7001CA401 /* HomeContentView.swift */,
				5E8F9C892D5CC8D8004036F6 /* WebImageView.swift */,
				5E8F9C8B2D6348BF004036F6 /* BooksListView.swift */,
				5E8F9C8D2D6348D8004036F6 /* BookRowView.swift */,
				5E8F9C8F2D634EA4004036F6 /* ContentErrorView.swift */,
				5EC88ED72DAE8E8D00A95224 /* EmptyStateView.swift */,
			);
			path = View;
			sourceTree = "<group>";
		};
		5EC949FC2CC291A6003736A9 /* Service */ = {
			isa = PBXGroup;
			children = (
				5EC94A052CC29770003736A9 /* AuthenticationService.swift */,
				5EC94A0F2CC3CCA2003736A9 /* FirestoreCollectionObserverService.swift */,
			);
			path = Service;
			sourceTree = "<group>";
		};
		5EC949FD2CC291B6003736A9 /* Model */ = {
			isa = PBXGroup;
			children = (
				5EA4FDC42CD79747001CA401 /* Book.swift */,
			);
			path = Model;
			sourceTree = "<group>";
		};
		5EC949FE2CC291BD003736A9 /* ViewModel */ = {
			isa = PBXGroup;
			children = (
				5EC94A112CC59585003736A9 /* HomeContentViewModel.swift */,
				5EAF5B022D2D552900D96FD6 /* HomeViewModel.swift */,
			);
			path = ViewModel;
			sourceTree = "<group>";
		};
		5EC94A072CC3C729003736A9 /* Helper */ = {
			isa = PBXGroup;
			children = (
				5EC94A082CC3C762003736A9 /* ValidationFB.swift */,
			);
			path = Helper;
			sourceTree = "<group>";
		};
		5EC94A0A2CC3C9BF003736A9 /* Utilities */ = {
			isa = PBXGroup;
			children = (
				5EA2E6082DF2DF2100C53E52 /* UseCaseInfo */,
				5EA2E6022DE34EA600C53E52 /* OrientationService */,
				5EC88EEF2DCE231F00A95224 /* CustomViewModifier */,
				5EC88EE92DBF8CE000A95224 /* NetworkMonitor */,
				5EC88EE62DBD811500A95224 /* GlobalRetryHandler */,
				5E8F9CCD2D99776A004036F6 /* ImageCacheManager */,
				5E8F9C9B2D6F53D2004036F6 /* LocalizationService */,
				5E8F9C722D537AF6004036F6 /* DataStore */,
				5E8F9C6A2D5379E6004036F6 /* ViewBuilder */,
				5EAF5B162D4B85CF00D96FD6 /* Coordinator */,
				5EA4FE302D09CF3E001CA401 /* CRUDSManager */,
				5EA4FE2D2D05B87F001CA401 /* SheetManager */,
				5EA4FE2A2CFDAEB3001CA401 /* AlertManager */,
				5EC94A0E2CC3CBBB003736A9 /* Extension */,
				5EC94A0B2CC3CA2F003736A9 /* Errors */,
				5EC94A072CC3C729003736A9 /* Helper */,
			);
			path = Utilities;
			sourceTree = "<group>";
		};
		5EC94A0B2CC3CA2F003736A9 /* Errors */ = {
			isa = PBXGroup;
			children = (
				5EC94A0C2CC3CA4E003736A9 /* CustomErrorsFB.swift */,
				5EA4FDB52CCBCABD001CA401 /* SharedErrorHandler.swift */,
				5EC88ED32DA93AAE00A95224 /* SDWebImageErrorHandler.swift */,
				5EC88ED52DAA8A8500A95224 /* CrashlyticsLoggingService.swift */,
			);
			path = Errors;
			sourceTree = "<group>";
		};
		5EC94A0E2CC3CBBB003736A9 /* Extension */ = {
			isa = PBXGroup;
			children = (
				5EAF5B0D2D2FF96000D96FD6 /* FirstAppear.swift */,
				5E8F9CD02D9BD358004036F6 /* UIFont+DynamicTypeMetrics.swift */,
				5EA2E5F22DDC8A5D00C53E52 /* ValidationString.swift */,
				5EA2E5F42DDCB1CC00C53E52 /* HideKeyboard.swift */,
			);
			path = Extension;
			sourceTree = "<group>";
		};
/* End PBXGroup section */

/* Begin PBXNativeTarget section */
		5EC949CB2CB526E5003736A9 /* TemplateSwiftUIProject */ = {
			isa = PBXNativeTarget;
			buildConfigurationList = 5EC949DA2CB526E9003736A9 /* Build configuration list for PBXNativeTarget "TemplateSwiftUIProject" */;
			buildPhases = (
				5EC949C82CB526E5003736A9 /* Sources */,
				5EC949C92CB526E5003736A9 /* Frameworks */,
				5EC949CA2CB526E5003736A9 /* Resources */,
			);
			buildRules = (
			);
			dependencies = (
			);
			name = TemplateSwiftUIProject;
			packageProductDependencies = (
				5EA4FE032CDCE960001CA401 /* FirebaseAuth */,
				5EA4FE052CDCE960001CA401 /* FirebaseCore */,
				5EA4FE072CDCE960001CA401 /* FirebaseDatabase */,
				5EA4FE092CDCE960001CA401 /* FirebaseFirestore */,
				5EA4FE0B2CDCE960001CA401 /* FirebaseFirestoreCombine-Community */,
				5EA4FE0D2CDCE960001CA401 /* FirebaseStorage */,
				5EA4FE0F2CDCE960001CA401 /* FirebaseStorageCombine-Community */,
				5E8F9C782D54EC92004036F6 /* SDWebImageSwiftUI */,
			);
			productName = TemplateSwiftUIProject;
			productReference = 5EC949CC2CB526E5003736A9 /* TemplateSwiftUIProject.app */;
			productType = "com.apple.product-type.application";
		};
/* End PBXNativeTarget section */

/* Begin PBXProject section */
		5EC949C42CB526E5003736A9 /* Project object */ = {
			isa = PBXProject;
			attributes = {
				BuildIndependentTargetsInParallel = 1;
				LastSwiftUpdateCheck = 1540;
				LastUpgradeCheck = 1540;
				TargetAttributes = {
					5EC949CB2CB526E5003736A9 = {
						CreatedOnToolsVersion = 15.4;
					};
				};
			};
			buildConfigurationList = 5EC949C72CB526E5003736A9 /* Build configuration list for PBXProject "TemplateSwiftUIProject" */;
			compatibilityVersion = "Xcode 14.0";
			developmentRegion = en;
			hasScannedForEncodings = 0;
			knownRegions = (
				en,
				Base,
				ru,
				es,
			);
			mainGroup = 5EC949C32CB526E5003736A9;
			packageReferences = (
				5EA4FE022CDCE960001CA401 /* XCRemoteSwiftPackageReference "firebase-ios-sdk" */,
				5E8F9C772D54EC92004036F6 /* XCRemoteSwiftPackageReference "SDWebImageSwiftUI" */,
			);
			productRefGroup = 5EC949CD2CB526E5003736A9 /* Products */;
			projectDirPath = "";
			projectRoot = "";
			targets = (
				5EC949CB2CB526E5003736A9 /* TemplateSwiftUIProject */,
			);
		};
/* End PBXProject section */

/* Begin PBXResourcesBuildPhase section */
		5EC949CA2CB526E5003736A9 /* Resources */ = {
			isa = PBXResourcesBuildPhase;
			buildActionMask = 2147483647;
			files = (
				5EC949D72CB526E9003736A9 /* Preview Assets.xcassets in Resources */,
				5E8F9C962D65F4F2004036F6 /* Localizable.strings in Resources */,
				5EC949D42CB526E9003736A9 /* Assets.xcassets in Resources */,
				5EC88EF62DD0BC6800A95224 /* Launch Screen.storyboard in Resources */,
				5EC949EC2CBBE280003736A9 /* GoogleService-Info.plist in Resources */,
			);
			runOnlyForDeploymentPostprocessing = 0;
		};
/* End PBXResourcesBuildPhase section */

/* Begin PBXSourcesBuildPhase section */
		5EC949C82CB526E5003736A9 /* Sources */ = {
			isa = PBXSourcesBuildPhase;
			buildActionMask = 2147483647;
			files = (
				5EA4FE242CE61ED8001CA401 /* DatabaseCRUDService.swift in Sources */,
				5EC949F52CBBF5F8003736A9 /* AppDelegate.swift in Sources */,
				5E8F9C6E2D537A57004036F6 /* ViewBuilderModel.swift in Sources */,
				5E8F9CC52D81A4CB004036F6 /* ShopCell.swift in Sources */,
				5EC88EE82DBD815900A95224 /* GlobalRetryHandler.swift in Sources */,
				5E8F9CCF2D99777A004036F6 /* ImageCacheManager.swift in Sources */,
				5EC94A002CC291DB003736A9 /* ContentAccountView.swift in Sources */,
				5EAF5B0C2D2D56D400D96FD6 /* AlertViewModel.swift in Sources */,
				5EA4FE362D21C8D7001CA401 /* HomeContentView.swift in Sources */,
				5EA4FE322D09CF87001CA401 /* CRUDSManager.swift in Sources */,
				5E8F9CB12D819EB6004036F6 /* GalleryView.swift in Sources */,
				5EC94A0D2CC3CA4E003736A9 /* CustomErrorsFB.swift in Sources */,
				5EC94A122CC59585003736A9 /* HomeContentViewModel.swift in Sources */,
				5E8F9CC32D81A4A7004036F6 /* MallCell.swift in Sources */,
				5EA2E6052DE34EE000C53E52 /* OrientationInfo.swift in Sources */,
				5E8F9CBD2D81A401004036F6 /* MallsSectionView.swift in Sources */,
				5EC88EF82DD1D37800A95224 /* SettingLaunchScreen.swift in Sources */,
				5E8F9CB32D819F21004036F6 /* GalleryViewModel.swift in Sources */,
				5EA2E60B2DF2DF6600C53E52 /* Layout.swift in Sources */,
				5E8F9CBF2D81A451004036F6 /* ShopsSectionView.swift in Sources */,
				5EC88EDC2DB136F500A95224 /* AccountView.swift in Sources */,
				5E8F9C6C2D537A03004036F6 /* ViewBuilderService.swift in Sources */,
				5E8F9CCC2D81AF68004036F6 /* GalleryContentViewModel.swift in Sources */,
				5EC88ED82DAE8E8D00A95224 /* EmptyStateView.swift in Sources */,
				5EAF5B1B2D4B863B00D96FD6 /* MainCoordinator.swift in Sources */,
				5E8F9CC72D81A4EB004036F6 /* ProductCell.swift in Sources */,
				5E8F9CB92D81A276004036F6 /* GalleryCompositView.swift in Sources */,
				5EA4FDC92CD8E91A001CA401 /* BookViewModel.swift in Sources */,
				5EA4FE262CE756EE001CA401 /* AuthService.swift in Sources */,
				5E8F9C8A2D5CC8D8004036F6 /* WebImageView.swift in Sources */,
				5E8F9CA72D7EC9F6004036F6 /* GalleryRowView(test).swift in Sources */,
				5E8F9C9D2D6F53E3004036F6 /* LocalizationService.swift in Sources */,
				5EBFD5CE2E1D015000A3C74C /* DeleteAccountCellView.swift in Sources */,
				5EBFD5C82E1AA15400A3C74C /* SignInViewInjected.swift in Sources */,
				5EBFD5CA2E1CFF4A00A3C74C /* ContentAccountViewInjected.swift in Sources */,
				5EC88EE32DB2347800A95224 /* NavigationCellView.swift in Sources */,
				5EA4FE2C2CFDAECE001CA401 /* AlertManager.swift in Sources */,
				5E8F9C8C2D6348BF004036F6 /* BooksListView.swift in Sources */,
				5EA4FE292CF5B558001CA401 /* BookDetailsView.swift in Sources */,
				5EC88EE12DB2342700A95224 /* UserInfoCellView.swift in Sources */,
				5EC88EDF2DB1377B00A95224 /* AccountViewModel.swift in Sources */,
				5E8F9C742D537B0E004036F6 /* DataStore.swift in Sources */,
				5EC949E82CBA9339003736A9 /* OnboardingPageView.swift in Sources */,
				5EC88EEB2DBF8CEE00A95224 /* NetworkMonitor.swift in Sources */,
				5E8F9CC12D81A476004036F6 /* PopularProductsSectionView.swift in Sources */,
				5EA4FDC72CD8E780001CA401 /* BookEditView.swift in Sources */,
				5EC94A062CC29771003736A9 /* AuthenticationService.swift in Sources */,
				5E8F9CA12D7CDFB7004036F6 /* GalleryContentViewModel(test).swift in Sources */,
				5EA4FE2F2D05B89B001CA401 /* SheetManager.swift in Sources */,
				5EAF5B032D2D552900D96FD6 /* HomeViewModel.swift in Sources */,
				5EC88EF12DCE234D00A95224 /* HapticFeedbackModifier.swift in Sources */,
				5EA2E6102E00093F00C53E52 /* AuthorizationService.swift in Sources */,
				5EC88ED42DA93AAE00A95224 /* SDWebImageErrorHandler.swift in Sources */,
				5E8F9CD12D9BD358004036F6 /* UIFont+DynamicTypeMetrics.swift in Sources */,
				5EAF5B082D2D563D00D96FD6 /* AlertViewGlobal.swift in Sources */,
				5E8F9C692D5379AF004036F6 /* HomeCoordinator.swift in Sources */,
				5EC94A092CC3C762003736A9 /* ValidationFB.swift in Sources */,
				5EC88EFD2DD4A58D00A95224 /* SignUpView.swift in Sources */,
				5EA2E6012DDF360500C53E52 /* SignInViewModel.swift in Sources */,
				5EA2E6122E03FFBF00C53E52 /* CombineSetting.swift in Sources */,
				5EA2E5F82DDCB28D00C53E52 /* SignUpViewModel.swift in Sources */,
				5E8F9CCA2D81AC47004036F6 /* FirestoreGetService.swift in Sources */,
				5EC949E52CBA8FC5003736A9 /* OnboardingViewModel.swift in Sources */,
				5E8F9C712D537AA1004036F6 /* SomeView.swift in Sources */,
				5EAF5B132D367E7E00D96FD6 /* ContentViewModel.swift in Sources */,
				5E8F9C902D634EA4004036F6 /* ContentErrorView.swift in Sources */,
				5EC88ED62DAA8A8500A95224 /* CrashlyticsLoggingService.swift in Sources */,
				5EC949D22CB526E5003736A9 /* ContentView.swift in Sources */,
				5E8F9CA92D7ED71D004036F6 /* GalleryCoordinator.swift in Sources */,
				5EC94A042CC29607003736A9 /* HomeView.swift in Sources */,
				5E8F9CA32D7CDFCF004036F6 /* GalleryModel.swift in Sources */,
				5E8F9CB52D819F68004036F6 /* GalleryContentView.swift in Sources */,
				5E8F9CAB2D7ED7DE004036F6 /* GalleryContentView(test).swift in Sources */,
				5E8F9C8E2D6348D8004036F6 /* BookRowView.swift in Sources */,
				5EA2E60E2E0007CB00C53E52 /* AuthorizationManager.swift in Sources */,
				5EBFD5C22E055CBC00A3C74C /* SignUpViewInjected.swift in Sources */,
				5EBFD5C62E1A868E00A3C74C /* RunLoopSetting.swift in Sources */,
				5EA2E5FF2DDF35AD00C53E52 /* SignInView.swift in Sources */,
				5EA2E5F32DDC8A5D00C53E52 /* ValidationString.swift in Sources */,
				5E8F9CA52D7EC973004036F6 /* GalleryListView(test).swift in Sources */,
				5EC949D02CB526E5003736A9 /* TemplateSwiftUIProjectApp.swift in Sources */,
				5EA2E5F52DDCB1CC00C53E52 /* HideKeyboard.swift in Sources */,
				5EC88EDA2DB128F100A95224 /* AccountCoordinator.swift in Sources */,
				5EC88EE52DB234CF00A95224 /* ToggleCellView.swift in Sources */,
				5EA4FDC52CD79747001CA401 /* Book.swift in Sources */,
				5EA4FDBB2CD51037001CA401 /* AppColors.swift in Sources */,
				5E8F9C672D537949004036F6 /* TabSwitcher.swift in Sources */,
				5EC949E02CBA88F2003736A9 /* OnboardingPage.swift in Sources */,
				5EC949E32CBA89FC003736A9 /* OnboardingService .swift in Sources */,
				5E8F9C762D537CC5004036F6 /* BookDetailsViewModel.swift in Sources */,
				5EC88EEE2DBF92A600A95224 /* NetworkStatusBanner.swift in Sources */,
				5EC949EA2CBA954F003736A9 /* OnboardingView.swift in Sources */,
				5EC94A102CC3CCA2003736A9 /* FirestoreCollectionObserverService.swift in Sources */,
				5EBFD5CC2E1D004E00A3C74C /* ContentAccountViewModel.swift in Sources */,
				5EBFD5C42E1008C000A3C74C /* LifeCycleView.swift in Sources */,
				5EA2E6072DEF2E4B00C53E52 /* CommentOrientationInfo.swift in Sources */,
				5EA4FDB62CCBCABD001CA401 /* SharedErrorHandler.swift in Sources */,
				5E8F9CAD2D7ED912004036F6 /* GalleryViewModel(test).swift in Sources */,
				5EAF5B0E2D2FF96000D96FD6 /* FirstAppear.swift in Sources */,
				5EC94A022CC2954C003736A9 /* GalleryView(test).swift in Sources */,
				5E8F9C9A2D65F573004036F6 /* Localized.swift in Sources */,
			);
			runOnlyForDeploymentPostprocessing = 0;
		};
/* End PBXSourcesBuildPhase section */

/* Begin PBXVariantGroup section */
		5E8F9C942D65F4F2004036F6 /* Localizable.strings */ = {
			isa = PBXVariantGroup;
			children = (
				5E8F9C952D65F4F2004036F6 /* en */,
				5E8F9C972D65F510004036F6 /* ru */,
				5E8F9C982D65F513004036F6 /* es */,
			);
			name = Localizable.strings;
			sourceTree = "<group>";
		};
/* End PBXVariantGroup section */

/* Begin XCBuildConfiguration section */
		5EC949D82CB526E9003736A9 /* Debug */ = {
			isa = XCBuildConfiguration;
			buildSettings = {
				ALWAYS_SEARCH_USER_PATHS = NO;
				ASSETCATALOG_COMPILER_GENERATE_SWIFT_ASSET_SYMBOL_EXTENSIONS = YES;
				CLANG_ANALYZER_NONNULL = YES;
				CLANG_ANALYZER_NUMBER_OBJECT_CONVERSION = YES_AGGRESSIVE;
				CLANG_CXX_LANGUAGE_STANDARD = "gnu++20";
				CLANG_ENABLE_MODULES = YES;
				CLANG_ENABLE_OBJC_ARC = YES;
				CLANG_ENABLE_OBJC_WEAK = YES;
				CLANG_WARN_BLOCK_CAPTURE_AUTORELEASING = YES;
				CLANG_WARN_BOOL_CONVERSION = YES;
				CLANG_WARN_COMMA = YES;
				CLANG_WARN_CONSTANT_CONVERSION = YES;
				CLANG_WARN_DEPRECATED_OBJC_IMPLEMENTATIONS = YES;
				CLANG_WARN_DIRECT_OBJC_ISA_USAGE = YES_ERROR;
				CLANG_WARN_DOCUMENTATION_COMMENTS = YES;
				CLANG_WARN_EMPTY_BODY = YES;
				CLANG_WARN_ENUM_CONVERSION = YES;
				CLANG_WARN_INFINITE_RECURSION = YES;
				CLANG_WARN_INT_CONVERSION = YES;
				CLANG_WARN_NON_LITERAL_NULL_CONVERSION = YES;
				CLANG_WARN_OBJC_IMPLICIT_RETAIN_SELF = YES;
				CLANG_WARN_OBJC_LITERAL_CONVERSION = YES;
				CLANG_WARN_OBJC_ROOT_CLASS = YES_ERROR;
				CLANG_WARN_QUOTED_INCLUDE_IN_FRAMEWORK_HEADER = YES;
				CLANG_WARN_RANGE_LOOP_ANALYSIS = YES;
				CLANG_WARN_STRICT_PROTOTYPES = YES;
				CLANG_WARN_SUSPICIOUS_MOVE = YES;
				CLANG_WARN_UNGUARDED_AVAILABILITY = YES_AGGRESSIVE;
				CLANG_WARN_UNREACHABLE_CODE = YES;
				CLANG_WARN__DUPLICATE_METHOD_MATCH = YES;
				COPY_PHASE_STRIP = NO;
				DEBUG_INFORMATION_FORMAT = dwarf;
				ENABLE_STRICT_OBJC_MSGSEND = YES;
				ENABLE_TESTABILITY = YES;
				ENABLE_USER_SCRIPT_SANDBOXING = YES;
				GCC_C_LANGUAGE_STANDARD = gnu17;
				GCC_DYNAMIC_NO_PIC = NO;
				GCC_NO_COMMON_BLOCKS = YES;
				GCC_OPTIMIZATION_LEVEL = 0;
				GCC_PREPROCESSOR_DEFINITIONS = (
					"DEBUG=1",
					"$(inherited)",
				);
				GCC_WARN_64_TO_32_BIT_CONVERSION = YES;
				GCC_WARN_ABOUT_RETURN_TYPE = YES_ERROR;
				GCC_WARN_UNDECLARED_SELECTOR = YES;
				GCC_WARN_UNINITIALIZED_AUTOS = YES_AGGRESSIVE;
				GCC_WARN_UNUSED_FUNCTION = YES;
				GCC_WARN_UNUSED_VARIABLE = YES;
				IPHONEOS_DEPLOYMENT_TARGET = 17.5;
				LOCALIZATION_PREFERS_STRING_CATALOGS = YES;
				MTL_ENABLE_DEBUG_INFO = INCLUDE_SOURCE;
				MTL_FAST_MATH = YES;
				ONLY_ACTIVE_ARCH = YES;
				SDKROOT = iphoneos;
				SWIFT_ACTIVE_COMPILATION_CONDITIONS = "DEBUG $(inherited)";
				SWIFT_OPTIMIZATION_LEVEL = "-Onone";
			};
			name = Debug;
		};
		5EC949D92CB526E9003736A9 /* Release */ = {
			isa = XCBuildConfiguration;
			buildSettings = {
				ALWAYS_SEARCH_USER_PATHS = NO;
				ASSETCATALOG_COMPILER_GENERATE_SWIFT_ASSET_SYMBOL_EXTENSIONS = YES;
				CLANG_ANALYZER_NONNULL = YES;
				CLANG_ANALYZER_NUMBER_OBJECT_CONVERSION = YES_AGGRESSIVE;
				CLANG_CXX_LANGUAGE_STANDARD = "gnu++20";
				CLANG_ENABLE_MODULES = YES;
				CLANG_ENABLE_OBJC_ARC = YES;
				CLANG_ENABLE_OBJC_WEAK = YES;
				CLANG_WARN_BLOCK_CAPTURE_AUTORELEASING = YES;
				CLANG_WARN_BOOL_CONVERSION = YES;
				CLANG_WARN_COMMA = YES;
				CLANG_WARN_CONSTANT_CONVERSION = YES;
				CLANG_WARN_DEPRECATED_OBJC_IMPLEMENTATIONS = YES;
				CLANG_WARN_DIRECT_OBJC_ISA_USAGE = YES_ERROR;
				CLANG_WARN_DOCUMENTATION_COMMENTS = YES;
				CLANG_WARN_EMPTY_BODY = YES;
				CLANG_WARN_ENUM_CONVERSION = YES;
				CLANG_WARN_INFINITE_RECURSION = YES;
				CLANG_WARN_INT_CONVERSION = YES;
				CLANG_WARN_NON_LITERAL_NULL_CONVERSION = YES;
				CLANG_WARN_OBJC_IMPLICIT_RETAIN_SELF = YES;
				CLANG_WARN_OBJC_LITERAL_CONVERSION = YES;
				CLANG_WARN_OBJC_ROOT_CLASS = YES_ERROR;
				CLANG_WARN_QUOTED_INCLUDE_IN_FRAMEWORK_HEADER = YES;
				CLANG_WARN_RANGE_LOOP_ANALYSIS = YES;
				CLANG_WARN_STRICT_PROTOTYPES = YES;
				CLANG_WARN_SUSPICIOUS_MOVE = YES;
				CLANG_WARN_UNGUARDED_AVAILABILITY = YES_AGGRESSIVE;
				CLANG_WARN_UNREACHABLE_CODE = YES;
				CLANG_WARN__DUPLICATE_METHOD_MATCH = YES;
				COPY_PHASE_STRIP = NO;
				DEBUG_INFORMATION_FORMAT = "dwarf-with-dsym";
				ENABLE_NS_ASSERTIONS = NO;
				ENABLE_STRICT_OBJC_MSGSEND = YES;
				ENABLE_USER_SCRIPT_SANDBOXING = YES;
				GCC_C_LANGUAGE_STANDARD = gnu17;
				GCC_NO_COMMON_BLOCKS = YES;
				GCC_WARN_64_TO_32_BIT_CONVERSION = YES;
				GCC_WARN_ABOUT_RETURN_TYPE = YES_ERROR;
				GCC_WARN_UNDECLARED_SELECTOR = YES;
				GCC_WARN_UNINITIALIZED_AUTOS = YES_AGGRESSIVE;
				GCC_WARN_UNUSED_FUNCTION = YES;
				GCC_WARN_UNUSED_VARIABLE = YES;
				IPHONEOS_DEPLOYMENT_TARGET = 17.5;
				LOCALIZATION_PREFERS_STRING_CATALOGS = YES;
				MTL_ENABLE_DEBUG_INFO = NO;
				MTL_FAST_MATH = YES;
				SDKROOT = iphoneos;
				SWIFT_COMPILATION_MODE = wholemodule;
				VALIDATE_PRODUCT = YES;
			};
			name = Release;
		};
		5EC949DB2CB526E9003736A9 /* Debug */ = {
			isa = XCBuildConfiguration;
			buildSettings = {
				ASSETCATALOG_COMPILER_APPICON_NAME = AppIcon;
				ASSETCATALOG_COMPILER_GLOBAL_ACCENT_COLOR_NAME = AccentColor;
				CODE_SIGN_STYLE = Automatic;
				CURRENT_PROJECT_VERSION = 1;
				DEVELOPMENT_ASSET_PATHS = "\"TemplateSwiftUIProject/Preview Content\"";
				DEVELOPMENT_TEAM = QD93FKGNRU;
				ENABLE_PREVIEWS = YES;
				GENERATE_INFOPLIST_FILE = YES;
				INFOPLIST_KEY_UIApplicationSceneManifest_Generation = YES;
				INFOPLIST_KEY_UIApplicationSupportsIndirectInputEvents = YES;
				INFOPLIST_KEY_UILaunchScreen_Generation = YES;
				INFOPLIST_KEY_UILaunchStoryboardName = "Launch Screen.storyboard";
				INFOPLIST_KEY_UISupportedInterfaceOrientations_iPad = "UIInterfaceOrientationPortrait UIInterfaceOrientationPortraitUpsideDown UIInterfaceOrientationLandscapeLeft UIInterfaceOrientationLandscapeRight";
				INFOPLIST_KEY_UISupportedInterfaceOrientations_iPhone = "UIInterfaceOrientationPortrait UIInterfaceOrientationLandscapeLeft UIInterfaceOrientationLandscapeRight";
				LD_RUNPATH_SEARCH_PATHS = (
					"$(inherited)",
					"@executable_path/Frameworks",
				);
				MARKETING_VERSION = 1.0;
				PRODUCT_BUNDLE_IDENTIFIER = klenov.TemplateSwiftUIProject;
				PRODUCT_NAME = "$(TARGET_NAME)";
				SWIFT_EMIT_LOC_STRINGS = YES;
				SWIFT_VERSION = 5.0;
				TARGETED_DEVICE_FAMILY = "1,2";
			};
			name = Debug;
		};
		5EC949DC2CB526E9003736A9 /* Release */ = {
			isa = XCBuildConfiguration;
			buildSettings = {
				ASSETCATALOG_COMPILER_APPICON_NAME = AppIcon;
				ASSETCATALOG_COMPILER_GLOBAL_ACCENT_COLOR_NAME = AccentColor;
				CODE_SIGN_STYLE = Automatic;
				CURRENT_PROJECT_VERSION = 1;
				DEVELOPMENT_ASSET_PATHS = "\"TemplateSwiftUIProject/Preview Content\"";
				DEVELOPMENT_TEAM = QD93FKGNRU;
				ENABLE_PREVIEWS = YES;
				GENERATE_INFOPLIST_FILE = YES;
				INFOPLIST_KEY_UIApplicationSceneManifest_Generation = YES;
				INFOPLIST_KEY_UIApplicationSupportsIndirectInputEvents = YES;
				INFOPLIST_KEY_UILaunchScreen_Generation = YES;
				INFOPLIST_KEY_UILaunchStoryboardName = "Launch Screen.storyboard";
				INFOPLIST_KEY_UISupportedInterfaceOrientations_iPad = "UIInterfaceOrientationPortrait UIInterfaceOrientationPortraitUpsideDown UIInterfaceOrientationLandscapeLeft UIInterfaceOrientationLandscapeRight";
				INFOPLIST_KEY_UISupportedInterfaceOrientations_iPhone = "UIInterfaceOrientationPortrait UIInterfaceOrientationLandscapeLeft UIInterfaceOrientationLandscapeRight";
				LD_RUNPATH_SEARCH_PATHS = (
					"$(inherited)",
					"@executable_path/Frameworks",
				);
				MARKETING_VERSION = 1.0;
				PRODUCT_BUNDLE_IDENTIFIER = klenov.TemplateSwiftUIProject;
				PRODUCT_NAME = "$(TARGET_NAME)";
				SWIFT_EMIT_LOC_STRINGS = YES;
				SWIFT_VERSION = 5.0;
				TARGETED_DEVICE_FAMILY = "1,2";
			};
			name = Release;
		};
/* End XCBuildConfiguration section */

/* Begin XCConfigurationList section */
		5EC949C72CB526E5003736A9 /* Build configuration list for PBXProject "TemplateSwiftUIProject" */ = {
			isa = XCConfigurationList;
			buildConfigurations = (
				5EC949D82CB526E9003736A9 /* Debug */,
				5EC949D92CB526E9003736A9 /* Release */,
			);
			defaultConfigurationIsVisible = 0;
			defaultConfigurationName = Release;
		};
		5EC949DA2CB526E9003736A9 /* Build configuration list for PBXNativeTarget "TemplateSwiftUIProject" */ = {
			isa = XCConfigurationList;
			buildConfigurations = (
				5EC949DB2CB526E9003736A9 /* Debug */,
				5EC949DC2CB526E9003736A9 /* Release */,
			);
			defaultConfigurationIsVisible = 0;
			defaultConfigurationName = Release;
		};
/* End XCConfigurationList section */

/* Begin XCRemoteSwiftPackageReference section */
		5E8F9C772D54EC92004036F6 /* XCRemoteSwiftPackageReference "SDWebImageSwiftUI" */ = {
			isa = XCRemoteSwiftPackageReference;
			repositoryURL = "https://github.com/SDWebImage/SDWebImageSwiftUI.git";
			requirement = {
				kind = upToNextMajorVersion;
				minimumVersion = 3.1.3;
			};
		};
		5EA4FE022CDCE960001CA401 /* XCRemoteSwiftPackageReference "firebase-ios-sdk" */ = {
			isa = XCRemoteSwiftPackageReference;
			repositoryURL = "https://github.com/firebase/firebase-ios-sdk";
			requirement = {
				kind = upToNextMajorVersion;
				minimumVersion = 11.4.0;
			};
		};
/* End XCRemoteSwiftPackageReference section */

/* Begin XCSwiftPackageProductDependency section */
		5E8F9C782D54EC92004036F6 /* SDWebImageSwiftUI */ = {
			isa = XCSwiftPackageProductDependency;
			package = 5E8F9C772D54EC92004036F6 /* XCRemoteSwiftPackageReference "SDWebImageSwiftUI" */;
			productName = SDWebImageSwiftUI;
		};
		5EA4FE032CDCE960001CA401 /* FirebaseAuth */ = {
			isa = XCSwiftPackageProductDependency;
			package = 5EA4FE022CDCE960001CA401 /* XCRemoteSwiftPackageReference "firebase-ios-sdk" */;
			productName = FirebaseAuth;
		};
		5EA4FE052CDCE960001CA401 /* FirebaseCore */ = {
			isa = XCSwiftPackageProductDependency;
			package = 5EA4FE022CDCE960001CA401 /* XCRemoteSwiftPackageReference "firebase-ios-sdk" */;
			productName = FirebaseCore;
		};
		5EA4FE072CDCE960001CA401 /* FirebaseDatabase */ = {
			isa = XCSwiftPackageProductDependency;
			package = 5EA4FE022CDCE960001CA401 /* XCRemoteSwiftPackageReference "firebase-ios-sdk" */;
			productName = FirebaseDatabase;
		};
		5EA4FE092CDCE960001CA401 /* FirebaseFirestore */ = {
			isa = XCSwiftPackageProductDependency;
			package = 5EA4FE022CDCE960001CA401 /* XCRemoteSwiftPackageReference "firebase-ios-sdk" */;
			productName = FirebaseFirestore;
		};
		5EA4FE0B2CDCE960001CA401 /* FirebaseFirestoreCombine-Community */ = {
			isa = XCSwiftPackageProductDependency;
			package = 5EA4FE022CDCE960001CA401 /* XCRemoteSwiftPackageReference "firebase-ios-sdk" */;
			productName = "FirebaseFirestoreCombine-Community";
		};
		5EA4FE0D2CDCE960001CA401 /* FirebaseStorage */ = {
			isa = XCSwiftPackageProductDependency;
			package = 5EA4FE022CDCE960001CA401 /* XCRemoteSwiftPackageReference "firebase-ios-sdk" */;
			productName = FirebaseStorage;
		};
		5EA4FE0F2CDCE960001CA401 /* FirebaseStorageCombine-Community */ = {
			isa = XCSwiftPackageProductDependency;
			package = 5EA4FE022CDCE960001CA401 /* XCRemoteSwiftPackageReference "firebase-ios-sdk" */;
			productName = "FirebaseStorageCombine-Community";
		};
/* End XCSwiftPackageProductDependency section */
	};
	rootObject = 5EC949C42CB526E5003736A9 /* Project object */;
}
